// !$*UTF8*$!
{
	archiveVersion = 1;
	classes = {
	};
	objectVersion = 46;
	objects = {

/* Begin PBXBuildFile section */
		16068B5F1C90AE6400685B2F /* AppDelegate.swift in Sources */ = {isa = PBXBuildFile; fileRef = 16068B5E1C90AE6400685B2F /* AppDelegate.swift */; };
		16068B611C90AE6400685B2F /* ViewController.swift in Sources */ = {isa = PBXBuildFile; fileRef = 16068B601C90AE6400685B2F /* ViewController.swift */; };
		16068B641C90AE6400685B2F /* Main.storyboard in Resources */ = {isa = PBXBuildFile; fileRef = 16068B621C90AE6400685B2F /* Main.storyboard */; };
		16068B661C90AE6400685B2F /* Assets.xcassets in Resources */ = {isa = PBXBuildFile; fileRef = 16068B651C90AE6400685B2F /* Assets.xcassets */; };
		16068B691C90AE6400685B2F /* LaunchScreen.storyboard in Resources */ = {isa = PBXBuildFile; fileRef = 16068B671C90AE6400685B2F /* LaunchScreen.storyboard */; };
		16068B741C90AE6400685B2F /* ShowSizeClassTests.swift in Sources */ = {isa = PBXBuildFile; fileRef = 16068B731C90AE6400685B2F /* ShowSizeClassTests.swift */; };
		16068B7F1C90AE6400685B2F /* ShowSizeClassUITests.swift in Sources */ = {isa = PBXBuildFile; fileRef = 16068B7E1C90AE6400685B2F /* ShowSizeClassUITests.swift */; };
/* End PBXBuildFile section */

/* Begin PBXContainerItemProxy section */
		16068B701C90AE6400685B2F /* PBXContainerItemProxy */ = {
			isa = PBXContainerItemProxy;
			containerPortal = 16068B531C90AE6400685B2F /* Project object */;
			proxyType = 1;
			remoteGlobalIDString = 16068B5A1C90AE6400685B2F;
			remoteInfo = ShowSizeClass;
		};
		16068B7B1C90AE6400685B2F /* PBXContainerItemProxy */ = {
			isa = PBXContainerItemProxy;
			containerPortal = 16068B531C90AE6400685B2F /* Project object */;
			proxyType = 1;
			remoteGlobalIDString = 16068B5A1C90AE6400685B2F;
			remoteInfo = ShowSizeClass;
		};
/* End PBXContainerItemProxy section */

/* Begin PBXFileReference section */
		16068B5B1C90AE6400685B2F /* ShowSizeClass.app */ = {isa = PBXFileReference; explicitFileType = wrapper.application; includeInIndex = 0; path = ShowSizeClass.app; sourceTree = BUILT_PRODUCTS_DIR; };
		16068B5E1C90AE6400685B2F /* AppDelegate.swift */ = {isa = PBXFileReference; lastKnownFileType = sourcecode.swift; path = AppDelegate.swift; sourceTree = "<group>"; };
		16068B601C90AE6400685B2F /* ViewController.swift */ = {isa = PBXFileReference; lastKnownFileType = sourcecode.swift; path = ViewController.swift; sourceTree = "<group>"; };
		16068B631C90AE6400685B2F /* Base */ = {isa = PBXFileReference; lastKnownFileType = file.storyboard; name = Base; path = Base.lproj/Main.storyboard; sourceTree = "<group>"; };
		16068B651C90AE6400685B2F /* Assets.xcassets */ = {isa = PBXFileReference; lastKnownFileType = folder.assetcatalog; path = Assets.xcassets; sourceTree = "<group>"; };
		16068B681C90AE6400685B2F /* Base */ = {isa = PBXFileReference; lastKnownFileType = file.storyboard; name = Base; path = Base.lproj/LaunchScreen.storyboard; sourceTree = "<group>"; };
		16068B6A1C90AE6400685B2F /* Info.plist */ = {isa = PBXFileReference; lastKnownFileType = text.plist.xml; path = Info.plist; sourceTree = "<group>"; };
		16068B6F1C90AE6400685B2F /* ShowSizeClassTests.xctest */ = {isa = PBXFileReference; explicitFileType = wrapper.cfbundle; includeInIndex = 0; path = ShowSizeClassTests.xctest; sourceTree = BUILT_PRODUCTS_DIR; };
		16068B731C90AE6400685B2F /* ShowSizeClassTests.swift */ = {isa = PBXFileReference; lastKnownFileType = sourcecode.swift; path = ShowSizeClassTests.swift; sourceTree = "<group>"; };
		16068B751C90AE6400685B2F /* Info.plist */ = {isa = PBXFileReference; lastKnownFileType = text.plist.xml; path = Info.plist; sourceTree = "<group>"; };
		16068B7A1C90AE6400685B2F /* ShowSizeClassUITests.xctest */ = {isa = PBXFileReference; explicitFileType = wrapper.cfbundle; includeInIndex = 0; path = ShowSizeClassUITests.xctest; sourceTree = BUILT_PRODUCTS_DIR; };
		16068B7E1C90AE6400685B2F /* ShowSizeClassUITests.swift */ = {isa = PBXFileReference; lastKnownFileType = sourcecode.swift; path = ShowSizeClassUITests.swift; sourceTree = "<group>"; };
		16068B801C90AE6400685B2F /* Info.plist */ = {isa = PBXFileReference; lastKnownFileType = text.plist.xml; path = Info.plist; sourceTree = "<group>"; };
/* End PBXFileReference section */

/* Begin PBXFrameworksBuildPhase section */
		16068B581C90AE6400685B2F /* Frameworks */ = {
			isa = PBXFrameworksBuildPhase;
			buildActionMask = 2147483647;
			files = (
			);
			runOnlyForDeploymentPostprocessing = 0;
		};
		16068B6C1C90AE6400685B2F /* Frameworks */ = {
			isa = PBXFrameworksBuildPhase;
			buildActionMask = 2147483647;
			files = (
			);
			runOnlyForDeploymentPostprocessing = 0;
		};
		16068B771C90AE6400685B2F /* Frameworks */ = {
			isa = PBXFrameworksBuildPhase;
			buildActionMask = 2147483647;
			files = (
			);
			runOnlyForDeploymentPostprocessing = 0;
		};
/* End PBXFrameworksBuildPhase section */

/* Begin PBXGroup section */
		16068B521C90AE6400685B2F = {
			isa = PBXGroup;
			children = (
				16068B5D1C90AE6400685B2F /* ShowSizeClass */,
				16068B721C90AE6400685B2F /* ShowSizeClassTests */,
				16068B7D1C90AE6400685B2F /* ShowSizeClassUITests */,
				16068B5C1C90AE6400685B2F /* Products */,
			);
			sourceTree = "<group>";
		};
		16068B5C1C90AE6400685B2F /* Products */ = {
			isa = PBXGroup;
			children = (
				16068B5B1C90AE6400685B2F /* ShowSizeClass.app */,
				16068B6F1C90AE6400685B2F /* ShowSizeClassTests.xctest */,
				16068B7A1C90AE6400685B2F /* ShowSizeClassUITests.xctest */,
			);
			name = Products;
			sourceTree = "<group>";
		};
		16068B5D1C90AE6400685B2F /* ShowSizeClass */ = {
			isa = PBXGroup;
			children = (
				16068B5E1C90AE6400685B2F /* AppDelegate.swift */,
				16068B601C90AE6400685B2F /* ViewController.swift */,
				16068B621C90AE6400685B2F /* Main.storyboard */,
				16068B651C90AE6400685B2F /* Assets.xcassets */,
				16068B671C90AE6400685B2F /* LaunchScreen.storyboard */,
				16068B6A1C90AE6400685B2F /* Info.plist */,
			);
			path = ShowSizeClass;
			sourceTree = "<group>";
		};
		16068B721C90AE6400685B2F /* ShowSizeClassTests */ = {
			isa = PBXGroup;
			children = (
				16068B731C90AE6400685B2F /* ShowSizeClassTests.swift */,
				16068B751C90AE6400685B2F /* Info.plist */,
			);
			path = ShowSizeClassTests;
			sourceTree = "<group>";
		};
		16068B7D1C90AE6400685B2F /* ShowSizeClassUITests */ = {
			isa = PBXGroup;
			children = (
				16068B7E1C90AE6400685B2F /* ShowSizeClassUITests.swift */,
				16068B801C90AE6400685B2F /* Info.plist */,
			);
			path = ShowSizeClassUITests;
			sourceTree = "<group>";
		};
/* End PBXGroup section */

/* Begin PBXNativeTarget section */
		16068B5A1C90AE6400685B2F /* ShowSizeClass */ = {
			isa = PBXNativeTarget;
			buildConfigurationList = 16068B831C90AE6400685B2F /* Build configuration list for PBXNativeTarget "ShowSizeClass" */;
			buildPhases = (
				16068B571C90AE6400685B2F /* Sources */,
				16068B581C90AE6400685B2F /* Frameworks */,
				16068B591C90AE6400685B2F /* Resources */,
			);
			buildRules = (
			);
			dependencies = (
			);
			name = ShowSizeClass;
			productName = ShowSizeClass;
			productReference = 16068B5B1C90AE6400685B2F /* ShowSizeClass.app */;
			productType = "com.apple.product-type.application";
		};
		16068B6E1C90AE6400685B2F /* ShowSizeClassTests */ = {
			isa = PBXNativeTarget;
			buildConfigurationList = 16068B861C90AE6400685B2F /* Build configuration list for PBXNativeTarget "ShowSizeClassTests" */;
			buildPhases = (
				16068B6B1C90AE6400685B2F /* Sources */,
				16068B6C1C90AE6400685B2F /* Frameworks */,
				16068B6D1C90AE6400685B2F /* Resources */,
			);
			buildRules = (
			);
			dependencies = (
				16068B711C90AE6400685B2F /* PBXTargetDependency */,
			);
			name = ShowSizeClassTests;
			productName = ShowSizeClassTests;
			productReference = 16068B6F1C90AE6400685B2F /* ShowSizeClassTests.xctest */;
			productType = "com.apple.product-type.bundle.unit-test";
		};
		16068B791C90AE6400685B2F /* ShowSizeClassUITests */ = {
			isa = PBXNativeTarget;
			buildConfigurationList = 16068B891C90AE6400685B2F /* Build configuration list for PBXNativeTarget "ShowSizeClassUITests" */;
			buildPhases = (
				16068B761C90AE6400685B2F /* Sources */,
				16068B771C90AE6400685B2F /* Frameworks */,
				16068B781C90AE6400685B2F /* Resources */,
			);
			buildRules = (
			);
			dependencies = (
				16068B7C1C90AE6400685B2F /* PBXTargetDependency */,
			);
			name = ShowSizeClassUITests;
			productName = ShowSizeClassUITests;
			productReference = 16068B7A1C90AE6400685B2F /* ShowSizeClassUITests.xctest */;
			productType = "com.apple.product-type.bundle.ui-testing";
		};
/* End PBXNativeTarget section */

/* Begin PBXProject section */
		16068B531C90AE6400685B2F /* Project object */ = {
			isa = PBXProject;
			attributes = {
				LastSwiftUpdateCheck = 0720;
				LastUpgradeCheck = 0720;
				ORGANIZATIONNAME = Blaise2s;
				TargetAttributes = {
					16068B5A1C90AE6400685B2F = {
						CreatedOnToolsVersion = 7.2.1;
						DevelopmentTeam = 8XV24NFT5Q;
					};
					16068B6E1C90AE6400685B2F = {
						CreatedOnToolsVersion = 7.2.1;
						DevelopmentTeam = 8XV24NFT5Q;
						TestTargetID = 16068B5A1C90AE6400685B2F;
					};
					16068B791C90AE6400685B2F = {
						CreatedOnToolsVersion = 7.2.1;
						DevelopmentTeam = 8XV24NFT5Q;
						TestTargetID = 16068B5A1C90AE6400685B2F;
					};
				};
			};
			buildConfigurationList = 16068B561C90AE6400685B2F /* Build configuration list for PBXProject "ShowSizeClass" */;
			compatibilityVersion = "Xcode 3.2";
			developmentRegion = English;
			hasScannedForEncodings = 0;
			knownRegions = (
				en,
				Base,
			);
			mainGroup = 16068B521C90AE6400685B2F;
			productRefGroup = 16068B5C1C90AE6400685B2F /* Products */;
			projectDirPath = "";
			projectRoot = "";
			targets = (
				16068B5A1C90AE6400685B2F /* ShowSizeClass */,
				16068B6E1C90AE6400685B2F /* ShowSizeClassTests */,
				16068B791C90AE6400685B2F /* ShowSizeClassUITests */,
			);
		};
/* End PBXProject section */

/* Begin PBXResourcesBuildPhase section */
		16068B591C90AE6400685B2F /* Resources */ = {
			isa = PBXResourcesBuildPhase;
			buildActionMask = 2147483647;
			files = (
				16068B691C90AE6400685B2F /* LaunchScreen.storyboard in Resources */,
				16068B661C90AE6400685B2F /* Assets.xcassets in Resources */,
				16068B641C90AE6400685B2F /* Main.storyboard in Resources */,
			);
			runOnlyForDeploymentPostprocessing = 0;
		};
		16068B6D1C90AE6400685B2F /* Resources */ = {
			isa = PBXResourcesBuildPhase;
			buildActionMask = 2147483647;
			files = (
			);
			runOnlyForDeploymentPostprocessing = 0;
		};
		16068B781C90AE6400685B2F /* Resources */ = {
			isa = PBXResourcesBuildPhase;
			buildActionMask = 2147483647;
			files = (
			);
			runOnlyForDeploymentPostprocessing = 0;
		};
/* End PBXResourcesBuildPhase section */

/* Begin PBXSourcesBuildPhase section */
		16068B571C90AE6400685B2F /* Sources */ = {
			isa = PBXSourcesBuildPhase;
			buildActionMask = 2147483647;
			files = (
				16068B611C90AE6400685B2F /* ViewController.swift in Sources */,
				16068B5F1C90AE6400685B2F /* AppDelegate.swift in Sources */,
			);
			runOnlyForDeploymentPostprocessing = 0;
		};
		16068B6B1C90AE6400685B2F /* Sources */ = {
			isa = PBXSourcesBuildPhase;
			buildActionMask = 2147483647;
			files = (
				16068B741C90AE6400685B2F /* ShowSizeClassTests.swift in Sources */,
			);
			runOnlyForDeploymentPostprocessing = 0;
		};
		16068B761C90AE6400685B2F /* Sources */ = {
			isa = PBXSourcesBuildPhase;
			buildActionMask = 2147483647;
			files = (
				16068B7F1C90AE6400685B2F /* ShowSizeClassUITests.swift in Sources */,
			);
			runOnlyForDeploymentPostprocessing = 0;
		};
/* End PBXSourcesBuildPhase section */

/* Begin PBXTargetDependency section */
		16068B711C90AE6400685B2F /* PBXTargetDependency */ = {
			isa = PBXTargetDependency;
			target = 16068B5A1C90AE6400685B2F /* ShowSizeClass */;
			targetProxy = 16068B701C90AE6400685B2F /* PBXContainerItemProxy */;
		};
		16068B7C1C90AE6400685B2F /* PBXTargetDependency */ = {
			isa = PBXTargetDependency;
			target = 16068B5A1C90AE6400685B2F /* ShowSizeClass */;
			targetProxy = 16068B7B1C90AE6400685B2F /* PBXContainerItemProxy */;
		};
/* End PBXTargetDependency section */

/* Begin PBXVariantGroup section */
		16068B621C90AE6400685B2F /* Main.storyboard */ = {
			isa = PBXVariantGroup;
			children = (
				16068B631C90AE6400685B2F /* Base */,
			);
			name = Main.storyboard;
			sourceTree = "<group>";
		};
		16068B671C90AE6400685B2F /* LaunchScreen.storyboard */ = {
			isa = PBXVariantGroup;
			children = (
				16068B681C90AE6400685B2F /* Base */,
			);
			name = LaunchScreen.storyboard;
			sourceTree = "<group>";
		};
/* End PBXVariantGroup section */

/* Begin XCBuildConfiguration section */
		16068B811C90AE6400685B2F /* Debug */ = {
			isa = XCBuildConfiguration;
			buildSettings = {
				ALWAYS_SEARCH_USER_PATHS = NO;
				CLANG_CXX_LANGUAGE_STANDARD = "gnu++0x";
				CLANG_CXX_LIBRARY = "libc++";
				CLANG_ENABLE_MODULES = YES;
				CLANG_ENABLE_OBJC_ARC = YES;
				CLANG_WARN_BOOL_CONVERSION = YES;
				CLANG_WARN_CONSTANT_CONVERSION = YES;
				CLANG_WARN_DIRECT_OBJC_ISA_USAGE = YES_ERROR;
				CLANG_WARN_EMPTY_BODY = YES;
				CLANG_WARN_ENUM_CONVERSION = YES;
				CLANG_WARN_INT_CONVERSION = YES;
				CLANG_WARN_OBJC_ROOT_CLASS = YES_ERROR;
				CLANG_WARN_UNREACHABLE_CODE = YES;
				CLANG_WARN__DUPLICATE_METHOD_MATCH = YES;
				"CODE_SIGN_IDENTITY[sdk=iphoneos*]" = "iPhone Developer";
				COPY_PHASE_STRIP = NO;
				DEBUG_INFORMATION_FORMAT = dwarf;
				ENABLE_STRICT_OBJC_MSGSEND = YES;
				ENABLE_TESTABILITY = YES;
				GCC_C_LANGUAGE_STANDARD = gnu99;
				GCC_DYNAMIC_NO_PIC = NO;
				GCC_NO_COMMON_BLOCKS = YES;
				GCC_OPTIMIZATION_LEVEL = 0;
				GCC_PREPROCESSOR_DEFINITIONS = (
					"DEBUG=1",
					"$(inherited)",
				);
				GCC_WARN_64_TO_32_BIT_CONVERSION = YES;
				GCC_WARN_ABOUT_RETURN_TYPE = YES_ERROR;
				GCC_WARN_UNDECLARED_SELECTOR = YES;
				GCC_WARN_UNINITIALIZED_AUTOS = YES_AGGRESSIVE;
				GCC_WARN_UNUSED_FUNCTION = YES;
				GCC_WARN_UNUSED_VARIABLE = YES;
				IPHONEOS_DEPLOYMENT_TARGET = 9.2;
				MTL_ENABLE_DEBUG_INFO = YES;
				ONLY_ACTIVE_ARCH = YES;
				SDKROOT = iphoneos;
				SWIFT_OPTIMIZATION_LEVEL = "-Onone";
				TARGETED_DEVICE_FAMILY = "1,2";
			};
			name = Debug;
		};
		16068B821C90AE6400685B2F /* Release */ = {
			isa = XCBuildConfiguration;
			buildSettings = {
				ALWAYS_SEARCH_USER_PATHS = NO;
				CLANG_CXX_LANGUAGE_STANDARD = "gnu++0x";
				CLANG_CXX_LIBRARY = "libc++";
				CLANG_ENABLE_MODULES = YES;
				CLANG_ENABLE_OBJC_ARC = YES;
				CLANG_WARN_BOOL_CONVERSION = YES;
				CLANG_WARN_CONSTANT_CONVERSION = YES;
				CLANG_WARN_DIRECT_OBJC_ISA_USAGE = YES_ERROR;
				CLANG_WARN_EMPTY_BODY = YES;
				CLANG_WARN_ENUM_CONVERSION = YES;
				CLANG_WARN_INT_CONVERSION = YES;
				CLANG_WARN_OBJC_ROOT_CLASS = YES_ERROR;
				CLANG_WARN_UNREACHABLE_CODE = YES;
				CLANG_WARN__DUPLICATE_METHOD_MATCH = YES;
				"CODE_SIGN_IDENTITY[sdk=iphoneos*]" = "iPhone Developer";
				COPY_PHASE_STRIP = NO;
				DEBUG_INFORMATION_FORMAT = "dwarf-with-dsym";
				ENABLE_NS_ASSERTIONS = NO;
				ENABLE_STRICT_OBJC_MSGSEND = YES;
				GCC_C_LANGUAGE_STANDARD = gnu99;
				GCC_NO_COMMON_BLOCKS = YES;
				GCC_WARN_64_TO_32_BIT_CONVERSION = YES;
				GCC_WARN_ABOUT_RETURN_TYPE = YES_ERROR;
				GCC_WARN_UNDECLARED_SELECTOR = YES;
				GCC_WARN_UNINITIALIZED_AUTOS = YES_AGGRESSIVE;
				GCC_WARN_UNUSED_FUNCTION = YES;
				GCC_WARN_UNUSED_VARIABLE = YES;
				IPHONEOS_DEPLOYMENT_TARGET = 9.2;
				MTL_ENABLE_DEBUG_INFO = NO;
				SDKROOT = iphoneos;
				TARGETED_DEVICE_FAMILY = "1,2";
				VALIDATE_PRODUCT = YES;
			};
			name = Release;
		};
		16068B841C90AE6400685B2F /* Debug */ = {
			isa = XCBuildConfiguration;
			buildSettings = {
				ASSETCATALOG_COMPILER_APPICON_NAME = AppIcon;
				INFOPLIST_FILE = ShowSizeClass/Info.plist;
				LD_RUNPATH_SEARCH_PATHS = "$(inherited) @executable_path/Frameworks";
				PRODUCT_BUNDLE_IDENTIFIER = com.blaise2s.ShowSizeClass;
				PRODUCT_NAME = "$(TARGET_NAME)";
			};
			name = Debug;
		};
		16068B851C90AE6400685B2F /* Release */ = {
			isa = XCBuildConfiguration;
			buildSettings = {
				ASSETCATALOG_COMPILER_APPICON_NAME = AppIcon;
				INFOPLIST_FILE = ShowSizeClass/Info.plist;
				LD_RUNPATH_SEARCH_PATHS = "$(inherited) @executable_path/Frameworks";
				PRODUCT_BUNDLE_IDENTIFIER = com.blaise2s.ShowSizeClass;
				PRODUCT_NAME = "$(TARGET_NAME)";
			};
			name = Release;
		};
		16068B871C90AE6400685B2F /* Debug */ = {
			isa = XCBuildConfiguration;
			buildSettings = {
				BUNDLE_LOADER = "$(TEST_HOST)";
				INFOPLIST_FILE = ShowSizeClassTests/Info.plist;
				LD_RUNPATH_SEARCH_PATHS = "$(inherited) @executable_path/Frameworks @loader_path/Frameworks";
				PRODUCT_BUNDLE_IDENTIFIER = com.blaise2s.ShowSizeClassTests;
				PRODUCT_NAME = "$(TARGET_NAME)";
				TEST_HOST = "$(BUILT_PRODUCTS_DIR)/ShowSizeClass.app/ShowSizeClass";
			};
			name = Debug;
		};
		16068B881C90AE6400685B2F /* Release */ = {
			isa = XCBuildConfiguration;
			buildSettings = {
				BUNDLE_LOADER = "$(TEST_HOST)";
				INFOPLIST_FILE = ShowSizeClassTests/Info.plist;
				LD_RUNPATH_SEARCH_PATHS = "$(inherited) @executable_path/Frameworks @loader_path/Frameworks";
				PRODUCT_BUNDLE_IDENTIFIER = com.blaise2s.ShowSizeClassTests;
				PRODUCT_NAME = "$(TARGET_NAME)";
				TEST_HOST = "$(BUILT_PRODUCTS_DIR)/ShowSizeClass.app/ShowSizeClass";
			};
			name = Release;
		};
		16068B8A1C90AE6400685B2F /* Debug */ = {
			isa = XCBuildConfiguration;
			buildSettings = {
				INFOPLIST_FILE = ShowSizeClassUITests/Info.plist;
				LD_RUNPATH_SEARCH_PATHS = "$(inherited) @executable_path/Frameworks @loader_path/Frameworks";
				PRODUCT_BUNDLE_IDENTIFIER = com.blaise2s.ShowSizeClassUITests;
				PRODUCT_NAME = "$(TARGET_NAME)";
				TEST_TARGET_NAME = ShowSizeClass;
				USES_XCTRUNNER = YES;
			};
			name = Debug;
		};
		16068B8B1C90AE6400685B2F /* Release */ = {
			isa = XCBuildConfiguration;
			buildSettings = {
				INFOPLIST_FILE = ShowSizeClassUITests/Info.plist;
				LD_RUNPATH_SEARCH_PATHS = "$(inherited) @executable_path/Frameworks @loader_path/Frameworks";
				PRODUCT_BUNDLE_IDENTIFIER = com.blaise2s.ShowSizeClassUITests;
				PRODUCT_NAME = "$(TARGET_NAME)";
				TEST_TARGET_NAME = ShowSizeClass;
				USES_XCTRUNNER = YES;
			};
			name = Release;
		};
/* End XCBuildConfiguration section */

/* Begin XCConfigurationList section */
		16068B561C90AE6400685B2F /* Build configuration list for PBXProject "ShowSizeClass" */ = {
			isa = XCConfigurationList;
			buildConfigurations = (
				16068B811C90AE6400685B2F /* Debug */,
				16068B821C90AE6400685B2F /* Release */,
			);
			defaultConfigurationIsVisible = 0;
			defaultConfigurationName = Release;
		};
		16068B831C90AE6400685B2F /* Build configuration list for PBXNativeTarget "ShowSizeClass" */ = {
			isa = XCConfigurationList;
			buildConfigurations = (
				16068B841C90AE6400685B2F /* Debug */,
				16068B851C90AE6400685B2F /* Release */,
			);
			defaultConfigurationIsVisible = 0;
		};
		16068B861C90AE6400685B2F /* Build configuration list for PBXNativeTarget "ShowSizeClassTests" */ = {
			isa = XCConfigurationList;
			buildConfigurations = (
				16068B871C90AE6400685B2F /* Debug */,
				16068B881C90AE6400685B2F /* Release */,
			);
			defaultConfigurationIsVisible = 0;
		};
		16068B891C90AE6400685B2F /* Build configuration list for PBXNativeTarget "ShowSizeClassUITests" */ = {
			isa = XCConfigurationList;
			buildConfigurations = (
				16068B8A1C90AE6400685B2F /* Debug */,
				16068B8B1C90AE6400685B2F /* Release */,
			);
			defaultConfigurationIsVisible = 0;
		};
/* End XCConfigurationList section */
	};
	rootObject = 16068B531C90AE6400685B2F /* Project object */;
}
