// !$*UTF8*$!
{
	archiveVersion = 1;
	classes = {
	};
	objectVersion = 46;
	objects = {

/* Begin PBXBuildFile section */
		161F2AC71CACB3F90079B8E4 /* MediaItem.swift in Sources */ = {isa = PBXBuildFile; fileRef = 161F2AC31CACB3F90079B8E4 /* MediaItem.swift */; };
		161F2AC81CACB3F90079B8E4 /* Tweet.swift in Sources */ = {isa = PBXBuildFile; fileRef = 161F2AC41CACB3F90079B8E4 /* Tweet.swift */; };
		161F2AC91CACB3F90079B8E4 /* TwitterRequest.swift in Sources */ = {isa = PBXBuildFile; fileRef = 161F2AC51CACB3F90079B8E4 /* TwitterRequest.swift */; };
		161F2ACA1CACB3F90079B8E4 /* User.swift in Sources */ = {isa = PBXBuildFile; fileRef = 161F2AC61CACB3F90079B8E4 /* User.swift */; };
		161F2ACC1CACB9100079B8E4 /* TweetTableViewCell.swift in Sources */ = {isa = PBXBuildFile; fileRef = 161F2ACB1CACB9100079B8E4 /* TweetTableViewCell.swift */; };
		16733E951CAC822200E0A294 /* AppDelegate.swift in Sources */ = {isa = PBXBuildFile; fileRef = 16733E941CAC822200E0A294 /* AppDelegate.swift */; };
		16733E971CAC822200E0A294 /* ViewController.swift in Sources */ = {isa = PBXBuildFile; fileRef = 16733E961CAC822200E0A294 /* ViewController.swift */; };
		16733E9A1CAC822200E0A294 /* Main.storyboard in Resources */ = {isa = PBXBuildFile; fileRef = 16733E981CAC822200E0A294 /* Main.storyboard */; };
		16733E9C1CAC822200E0A294 /* Assets.xcassets in Resources */ = {isa = PBXBuildFile; fileRef = 16733E9B1CAC822200E0A294 /* Assets.xcassets */; };
		16733E9F1CAC822200E0A294 /* LaunchScreen.storyboard in Resources */ = {isa = PBXBuildFile; fileRef = 16733E9D1CAC822200E0A294 /* LaunchScreen.storyboard */; };
		16733EAA1CAC822200E0A294 /* SmashtagTests.swift in Sources */ = {isa = PBXBuildFile; fileRef = 16733EA91CAC822200E0A294 /* SmashtagTests.swift */; };
		16733EB51CAC822200E0A294 /* SmashtagUITests.swift in Sources */ = {isa = PBXBuildFile; fileRef = 16733EB41CAC822200E0A294 /* SmashtagUITests.swift */; };
		16733ECF1CAC846200E0A294 /* TweetTableViewController.swift in Sources */ = {isa = PBXBuildFile; fileRef = 16733ECE1CAC846200E0A294 /* TweetTableViewController.swift */; };
/* End PBXBuildFile section */

/* Begin PBXContainerItemProxy section */
		16733EA61CAC822200E0A294 /* PBXContainerItemProxy */ = {
			isa = PBXContainerItemProxy;
			containerPortal = 16733E891CAC822100E0A294 /* Project object */;
			proxyType = 1;
			remoteGlobalIDString = 16733E901CAC822100E0A294;
			remoteInfo = Smashtag;
		};
		16733EB11CAC822200E0A294 /* PBXContainerItemProxy */ = {
			isa = PBXContainerItemProxy;
			containerPortal = 16733E891CAC822100E0A294 /* Project object */;
			proxyType = 1;
			remoteGlobalIDString = 16733E901CAC822100E0A294;
			remoteInfo = Smashtag;
		};
/* End PBXContainerItemProxy section */

/* Begin PBXFileReference section */
		161F2AC31CACB3F90079B8E4 /* MediaItem.swift */ = {isa = PBXFileReference; fileEncoding = 4; lastKnownFileType = sourcecode.swift; path = MediaItem.swift; sourceTree = "<group>"; };
		161F2AC41CACB3F90079B8E4 /* Tweet.swift */ = {isa = PBXFileReference; fileEncoding = 4; lastKnownFileType = sourcecode.swift; path = Tweet.swift; sourceTree = "<group>"; };
		161F2AC51CACB3F90079B8E4 /* TwitterRequest.swift */ = {isa = PBXFileReference; fileEncoding = 4; lastKnownFileType = sourcecode.swift; path = TwitterRequest.swift; sourceTree = "<group>"; };
		161F2AC61CACB3F90079B8E4 /* User.swift */ = {isa = PBXFileReference; fileEncoding = 4; lastKnownFileType = sourcecode.swift; path = User.swift; sourceTree = "<group>"; };
		161F2ACB1CACB9100079B8E4 /* TweetTableViewCell.swift */ = {isa = PBXFileReference; fileEncoding = 4; lastKnownFileType = sourcecode.swift; path = TweetTableViewCell.swift; sourceTree = "<group>"; };
		16733E911CAC822100E0A294 /* Smashtag.app */ = {isa = PBXFileReference; explicitFileType = wrapper.application; includeInIndex = 0; path = Smashtag.app; sourceTree = BUILT_PRODUCTS_DIR; };
		16733E941CAC822200E0A294 /* AppDelegate.swift */ = {isa = PBXFileReference; lastKnownFileType = sourcecode.swift; path = AppDelegate.swift; sourceTree = "<group>"; };
		16733E961CAC822200E0A294 /* ViewController.swift */ = {isa = PBXFileReference; lastKnownFileType = sourcecode.swift; path = ViewController.swift; sourceTree = "<group>"; };
		16733E991CAC822200E0A294 /* Base */ = {isa = PBXFileReference; lastKnownFileType = file.storyboard; name = Base; path = Base.lproj/Main.storyboard; sourceTree = "<group>"; };
		16733E9B1CAC822200E0A294 /* Assets.xcassets */ = {isa = PBXFileReference; lastKnownFileType = folder.assetcatalog; path = Assets.xcassets; sourceTree = "<group>"; };
		16733E9E1CAC822200E0A294 /* Base */ = {isa = PBXFileReference; lastKnownFileType = file.storyboard; name = Base; path = Base.lproj/LaunchScreen.storyboard; sourceTree = "<group>"; };
		16733EA01CAC822200E0A294 /* Info.plist */ = {isa = PBXFileReference; lastKnownFileType = text.plist.xml; path = Info.plist; sourceTree = "<group>"; };
		16733EA51CAC822200E0A294 /* SmashtagTests.xctest */ = {isa = PBXFileReference; explicitFileType = wrapper.cfbundle; includeInIndex = 0; path = SmashtagTests.xctest; sourceTree = BUILT_PRODUCTS_DIR; };
		16733EA91CAC822200E0A294 /* SmashtagTests.swift */ = {isa = PBXFileReference; lastKnownFileType = sourcecode.swift; path = SmashtagTests.swift; sourceTree = "<group>"; };
		16733EAB1CAC822200E0A294 /* Info.plist */ = {isa = PBXFileReference; lastKnownFileType = text.plist.xml; path = Info.plist; sourceTree = "<group>"; };
		16733EB01CAC822200E0A294 /* SmashtagUITests.xctest */ = {isa = PBXFileReference; explicitFileType = wrapper.cfbundle; includeInIndex = 0; path = SmashtagUITests.xctest; sourceTree = BUILT_PRODUCTS_DIR; };
		16733EB41CAC822200E0A294 /* SmashtagUITests.swift */ = {isa = PBXFileReference; lastKnownFileType = sourcecode.swift; path = SmashtagUITests.swift; sourceTree = "<group>"; };
		16733EB61CAC822200E0A294 /* Info.plist */ = {isa = PBXFileReference; lastKnownFileType = text.plist.xml; path = Info.plist; sourceTree = "<group>"; };
		16733ECE1CAC846200E0A294 /* TweetTableViewController.swift */ = {isa = PBXFileReference; fileEncoding = 4; lastKnownFileType = sourcecode.swift; path = TweetTableViewController.swift; sourceTree = "<group>"; };
/* End PBXFileReference section */

/* Begin PBXFrameworksBuildPhase section */
		16733E8E1CAC822100E0A294 /* Frameworks */ = {
			isa = PBXFrameworksBuildPhase;
			buildActionMask = 2147483647;
			files = (
			);
			runOnlyForDeploymentPostprocessing = 0;
		};
		16733EA21CAC822200E0A294 /* Frameworks */ = {
			isa = PBXFrameworksBuildPhase;
			buildActionMask = 2147483647;
			files = (
			);
			runOnlyForDeploymentPostprocessing = 0;
		};
		16733EAD1CAC822200E0A294 /* Frameworks */ = {
			isa = PBXFrameworksBuildPhase;
			buildActionMask = 2147483647;
			files = (
			);
			runOnlyForDeploymentPostprocessing = 0;
		};
/* End PBXFrameworksBuildPhase section */

/* Begin PBXGroup section */
		161F2AC21CACB3F90079B8E4 /* Twitter */ = {
			isa = PBXGroup;
			children = (
				161F2AC31CACB3F90079B8E4 /* MediaItem.swift */,
				161F2AC41CACB3F90079B8E4 /* Tweet.swift */,
				161F2AC51CACB3F90079B8E4 /* TwitterRequest.swift */,
				161F2AC61CACB3F90079B8E4 /* User.swift */,
			);
			path = Twitter;
			sourceTree = "<group>";
		};
		16733E881CAC822100E0A294 = {
			isa = PBXGroup;
			children = (
				16733E931CAC822100E0A294 /* Smashtag */,
				16733EA81CAC822200E0A294 /* SmashtagTests */,
				16733EB31CAC822200E0A294 /* SmashtagUITests */,
				16733E921CAC822100E0A294 /* Products */,
			);
			sourceTree = "<group>";
		};
		16733E921CAC822100E0A294 /* Products */ = {
			isa = PBXGroup;
			children = (
				16733E911CAC822100E0A294 /* Smashtag.app */,
				16733EA51CAC822200E0A294 /* SmashtagTests.xctest */,
				16733EB01CAC822200E0A294 /* SmashtagUITests.xctest */,
			);
			name = Products;
			sourceTree = "<group>";
		};
		16733E931CAC822100E0A294 /* Smashtag */ = {
			isa = PBXGroup;
			children = (
				16733E941CAC822200E0A294 /* AppDelegate.swift */,
				16733E961CAC822200E0A294 /* ViewController.swift */,
				16733E981CAC822200E0A294 /* Main.storyboard */,
				161F2ACB1CACB9100079B8E4 /* TweetTableViewCell.swift */,
				16733ECE1CAC846200E0A294 /* TweetTableViewController.swift */,
				161F2AC21CACB3F90079B8E4 /* Twitter */,
				16733E9B1CAC822200E0A294 /* Assets.xcassets */,
				16733E9D1CAC822200E0A294 /* LaunchScreen.storyboard */,
				16733EA01CAC822200E0A294 /* Info.plist */,
			);
			path = Smashtag;
			sourceTree = "<group>";
		};
		16733EA81CAC822200E0A294 /* SmashtagTests */ = {
			isa = PBXGroup;
			children = (
				16733EA91CAC822200E0A294 /* SmashtagTests.swift */,
				16733EAB1CAC822200E0A294 /* Info.plist */,
			);
			path = SmashtagTests;
			sourceTree = "<group>";
		};
		16733EB31CAC822200E0A294 /* SmashtagUITests */ = {
			isa = PBXGroup;
			children = (
				16733EB41CAC822200E0A294 /* SmashtagUITests.swift */,
				16733EB61CAC822200E0A294 /* Info.plist */,
			);
			path = SmashtagUITests;
			sourceTree = "<group>";
		};
/* End PBXGroup section */

/* Begin PBXNativeTarget section */
		16733E901CAC822100E0A294 /* Smashtag */ = {
			isa = PBXNativeTarget;
			buildConfigurationList = 16733EB91CAC822200E0A294 /* Build configuration list for PBXNativeTarget "Smashtag" */;
			buildPhases = (
				16733E8D1CAC822100E0A294 /* Sources */,
				16733E8E1CAC822100E0A294 /* Frameworks */,
				16733E8F1CAC822100E0A294 /* Resources */,
			);
			buildRules = (
			);
			dependencies = (
			);
			name = Smashtag;
			productName = Smashtag;
			productReference = 16733E911CAC822100E0A294 /* Smashtag.app */;
			productType = "com.apple.product-type.application";
		};
		16733EA41CAC822200E0A294 /* SmashtagTests */ = {
			isa = PBXNativeTarget;
			buildConfigurationList = 16733EBC1CAC822200E0A294 /* Build configuration list for PBXNativeTarget "SmashtagTests" */;
			buildPhases = (
				16733EA11CAC822200E0A294 /* Sources */,
				16733EA21CAC822200E0A294 /* Frameworks */,
				16733EA31CAC822200E0A294 /* Resources */,
			);
			buildRules = (
			);
			dependencies = (
				16733EA71CAC822200E0A294 /* PBXTargetDependency */,
			);
			name = SmashtagTests;
			productName = SmashtagTests;
			productReference = 16733EA51CAC822200E0A294 /* SmashtagTests.xctest */;
			productType = "com.apple.product-type.bundle.unit-test";
		};
		16733EAF1CAC822200E0A294 /* SmashtagUITests */ = {
			isa = PBXNativeTarget;
			buildConfigurationList = 16733EBF1CAC822200E0A294 /* Build configuration list for PBXNativeTarget "SmashtagUITests" */;
			buildPhases = (
				16733EAC1CAC822200E0A294 /* Sources */,
				16733EAD1CAC822200E0A294 /* Frameworks */,
				16733EAE1CAC822200E0A294 /* Resources */,
			);
			buildRules = (
			);
			dependencies = (
				16733EB21CAC822200E0A294 /* PBXTargetDependency */,
			);
			name = SmashtagUITests;
			productName = SmashtagUITests;
			productReference = 16733EB01CAC822200E0A294 /* SmashtagUITests.xctest */;
			productType = "com.apple.product-type.bundle.ui-testing";
		};
/* End PBXNativeTarget section */

/* Begin PBXProject section */
		16733E891CAC822100E0A294 /* Project object */ = {
			isa = PBXProject;
			attributes = {
				LastSwiftUpdateCheck = 0730;
				LastUpgradeCheck = 0730;
				ORGANIZATIONNAME = Blaise2s;
				TargetAttributes = {
					16733E901CAC822100E0A294 = {
						CreatedOnToolsVersion = 7.3;
						DevelopmentTeam = 8XV24NFT5Q;
					};
					16733EA41CAC822200E0A294 = {
						CreatedOnToolsVersion = 7.3;
						DevelopmentTeam = 8XV24NFT5Q;
						TestTargetID = 16733E901CAC822100E0A294;
					};
					16733EAF1CAC822200E0A294 = {
						CreatedOnToolsVersion = 7.3;
						DevelopmentTeam = 8XV24NFT5Q;
						TestTargetID = 16733E901CAC822100E0A294;
					};
				};
			};
			buildConfigurationList = 16733E8C1CAC822100E0A294 /* Build configuration list for PBXProject "Smashtag" */;
			compatibilityVersion = "Xcode 3.2";
			developmentRegion = English;
			hasScannedForEncodings = 0;
			knownRegions = (
				en,
				Base,
			);
			mainGroup = 16733E881CAC822100E0A294;
			productRefGroup = 16733E921CAC822100E0A294 /* Products */;
			projectDirPath = "";
			projectRoot = "";
			targets = (
				16733E901CAC822100E0A294 /* Smashtag */,
				16733EA41CAC822200E0A294 /* SmashtagTests */,
				16733EAF1CAC822200E0A294 /* SmashtagUITests */,
			);
		};
/* End PBXProject section */

/* Begin PBXResourcesBuildPhase section */
		16733E8F1CAC822100E0A294 /* Resources */ = {
			isa = PBXResourcesBuildPhase;
			buildActionMask = 2147483647;
			files = (
				16733E9F1CAC822200E0A294 /* LaunchScreen.storyboard in Resources */,
				16733E9C1CAC822200E0A294 /* Assets.xcassets in Resources */,
				16733E9A1CAC822200E0A294 /* Main.storyboard in Resources */,
			);
			runOnlyForDeploymentPostprocessing = 0;
		};
		16733EA31CAC822200E0A294 /* Resources */ = {
			isa = PBXResourcesBuildPhase;
			buildActionMask = 2147483647;
			files = (
			);
			runOnlyForDeploymentPostprocessing = 0;
		};
		16733EAE1CAC822200E0A294 /* Resources */ = {
			isa = PBXResourcesBuildPhase;
			buildActionMask = 2147483647;
			files = (
			);
			runOnlyForDeploymentPostprocessing = 0;
		};
/* End PBXResourcesBuildPhase section */

/* Begin PBXSourcesBuildPhase section */
		16733E8D1CAC822100E0A294 /* Sources */ = {
			isa = PBXSourcesBuildPhase;
			buildActionMask = 2147483647;
			files = (
				16733ECF1CAC846200E0A294 /* TweetTableViewController.swift in Sources */,
				161F2AC81CACB3F90079B8E4 /* Tweet.swift in Sources */,
				161F2AC71CACB3F90079B8E4 /* MediaItem.swift in Sources */,
				16733E971CAC822200E0A294 /* ViewController.swift in Sources */,
				16733E951CAC822200E0A294 /* AppDelegate.swift in Sources */,
				161F2AC91CACB3F90079B8E4 /* TwitterRequest.swift in Sources */,
				161F2ACA1CACB3F90079B8E4 /* User.swift in Sources */,
				161F2ACC1CACB9100079B8E4 /* TweetTableViewCell.swift in Sources */,
			);
			runOnlyForDeploymentPostprocessing = 0;
		};
		16733EA11CAC822200E0A294 /* Sources */ = {
			isa = PBXSourcesBuildPhase;
			buildActionMask = 2147483647;
			files = (
				16733EAA1CAC822200E0A294 /* SmashtagTests.swift in Sources */,
			);
			runOnlyForDeploymentPostprocessing = 0;
		};
		16733EAC1CAC822200E0A294 /* Sources */ = {
			isa = PBXSourcesBuildPhase;
			buildActionMask = 2147483647;
			files = (
				16733EB51CAC822200E0A294 /* SmashtagUITests.swift in Sources */,
			);
			runOnlyForDeploymentPostprocessing = 0;
		};
/* End PBXSourcesBuildPhase section */

/* Begin PBXTargetDependency section */
		16733EA71CAC822200E0A294 /* PBXTargetDependency */ = {
			isa = PBXTargetDependency;
			target = 16733E901CAC822100E0A294 /* Smashtag */;
			targetProxy = 16733EA61CAC822200E0A294 /* PBXContainerItemProxy */;
		};
		16733EB21CAC822200E0A294 /* PBXTargetDependency */ = {
			isa = PBXTargetDependency;
			target = 16733E901CAC822100E0A294 /* Smashtag */;
			targetProxy = 16733EB11CAC822200E0A294 /* PBXContainerItemProxy */;
		};
/* End PBXTargetDependency section */

/* Begin PBXVariantGroup section */
		16733E981CAC822200E0A294 /* Main.storyboard */ = {
			isa = PBXVariantGroup;
			children = (
				16733E991CAC822200E0A294 /* Base */,
			);
			name = Main.storyboard;
			sourceTree = "<group>";
		};
		16733E9D1CAC822200E0A294 /* LaunchScreen.storyboard */ = {
			isa = PBXVariantGroup;
			children = (
				16733E9E1CAC822200E0A294 /* Base */,
			);
			name = LaunchScreen.storyboard;
			sourceTree = "<group>";
		};
/* End PBXVariantGroup section */

/* Begin XCBuildConfiguration section */
		16733EB71CAC822200E0A294 /* Debug */ = {
			isa = XCBuildConfiguration;
			buildSettings = {
				ALWAYS_SEARCH_USER_PATHS = NO;
				CLANG_ANALYZER_NONNULL = YES;
				CLANG_CXX_LANGUAGE_STANDARD = "gnu++0x";
				CLANG_CXX_LIBRARY = "libc++";
				CLANG_ENABLE_MODULES = YES;
				CLANG_ENABLE_OBJC_ARC = YES;
				CLANG_WARN_BOOL_CONVERSION = YES;
				CLANG_WARN_CONSTANT_CONVERSION = YES;
				CLANG_WARN_DIRECT_OBJC_ISA_USAGE = YES_ERROR;
				CLANG_WARN_EMPTY_BODY = YES;
				CLANG_WARN_ENUM_CONVERSION = YES;
				CLANG_WARN_INT_CONVERSION = YES;
				CLANG_WARN_OBJC_ROOT_CLASS = YES_ERROR;
				CLANG_WARN_UNREACHABLE_CODE = YES;
				CLANG_WARN__DUPLICATE_METHOD_MATCH = YES;
				"CODE_SIGN_IDENTITY[sdk=iphoneos*]" = "iPhone Developer";
				COPY_PHASE_STRIP = NO;
				DEBUG_INFORMATION_FORMAT = dwarf;
				ENABLE_STRICT_OBJC_MSGSEND = YES;
				ENABLE_TESTABILITY = YES;
				GCC_C_LANGUAGE_STANDARD = gnu99;
				GCC_DYNAMIC_NO_PIC = NO;
				GCC_NO_COMMON_BLOCKS = YES;
				GCC_OPTIMIZATION_LEVEL = 0;
				GCC_PREPROCESSOR_DEFINITIONS = (
					"DEBUG=1",
					"$(inherited)",
				);
				GCC_WARN_64_TO_32_BIT_CONVERSION = YES;
				GCC_WARN_ABOUT_RETURN_TYPE = YES_ERROR;
				GCC_WARN_UNDECLARED_SELECTOR = YES;
				GCC_WARN_UNINITIALIZED_AUTOS = YES_AGGRESSIVE;
				GCC_WARN_UNUSED_FUNCTION = YES;
				GCC_WARN_UNUSED_VARIABLE = YES;
				IPHONEOS_DEPLOYMENT_TARGET = 9.3;
				MTL_ENABLE_DEBUG_INFO = YES;
				ONLY_ACTIVE_ARCH = YES;
				SDKROOT = iphoneos;
				SWIFT_OPTIMIZATION_LEVEL = "-Onone";
				TARGETED_DEVICE_FAMILY = "1,2";
			};
			name = Debug;
		};
		16733EB81CAC822200E0A294 /* Release */ = {
			isa = XCBuildConfiguration;
			buildSettings = {
				ALWAYS_SEARCH_USER_PATHS = NO;
				CLANG_ANALYZER_NONNULL = YES;
				CLANG_CXX_LANGUAGE_STANDARD = "gnu++0x";
				CLANG_CXX_LIBRARY = "libc++";
				CLANG_ENABLE_MODULES = YES;
				CLANG_ENABLE_OBJC_ARC = YES;
				CLANG_WARN_BOOL_CONVERSION = YES;
				CLANG_WARN_CONSTANT_CONVERSION = YES;
				CLANG_WARN_DIRECT_OBJC_ISA_USAGE = YES_ERROR;
				CLANG_WARN_EMPTY_BODY = YES;
				CLANG_WARN_ENUM_CONVERSION = YES;
				CLANG_WARN_INT_CONVERSION = YES;
				CLANG_WARN_OBJC_ROOT_CLASS = YES_ERROR;
				CLANG_WARN_UNREACHABLE_CODE = YES;
				CLANG_WARN__DUPLICATE_METHOD_MATCH = YES;
				"CODE_SIGN_IDENTITY[sdk=iphoneos*]" = "iPhone Developer";
				COPY_PHASE_STRIP = NO;
				DEBUG_INFORMATION_FORMAT = "dwarf-with-dsym";
				ENABLE_NS_ASSERTIONS = NO;
				ENABLE_STRICT_OBJC_MSGSEND = YES;
				GCC_C_LANGUAGE_STANDARD = gnu99;
				GCC_NO_COMMON_BLOCKS = YES;
				GCC_WARN_64_TO_32_BIT_CONVERSION = YES;
				GCC_WARN_ABOUT_RETURN_TYPE = YES_ERROR;
				GCC_WARN_UNDECLARED_SELECTOR = YES;
				GCC_WARN_UNINITIALIZED_AUTOS = YES_AGGRESSIVE;
				GCC_WARN_UNUSED_FUNCTION = YES;
				GCC_WARN_UNUSED_VARIABLE = YES;
				IPHONEOS_DEPLOYMENT_TARGET = 9.3;
				MTL_ENABLE_DEBUG_INFO = NO;
				SDKROOT = iphoneos;
				TARGETED_DEVICE_FAMILY = "1,2";
				VALIDATE_PRODUCT = YES;
			};
			name = Release;
		};
		16733EBA1CAC822200E0A294 /* Debug */ = {
			isa = XCBuildConfiguration;
			buildSettings = {
				ASSETCATALOG_COMPILER_APPICON_NAME = AppIcon;
				INFOPLIST_FILE = Smashtag/Info.plist;
				LD_RUNPATH_SEARCH_PATHS = "$(inherited) @executable_path/Frameworks";
				PRODUCT_BUNDLE_IDENTIFIER = com.blaise2s.Smashtag;
				PRODUCT_NAME = "$(TARGET_NAME)";
			};
			name = Debug;
		};
		16733EBB1CAC822200E0A294 /* Release */ = {
			isa = XCBuildConfiguration;
			buildSettings = {
				ASSETCATALOG_COMPILER_APPICON_NAME = AppIcon;
				INFOPLIST_FILE = Smashtag/Info.plist;
				LD_RUNPATH_SEARCH_PATHS = "$(inherited) @executable_path/Frameworks";
				PRODUCT_BUNDLE_IDENTIFIER = com.blaise2s.Smashtag;
				PRODUCT_NAME = "$(TARGET_NAME)";
			};
			name = Release;
		};
		16733EBD1CAC822200E0A294 /* Debug */ = {
			isa = XCBuildConfiguration;
			buildSettings = {
				BUNDLE_LOADER = "$(TEST_HOST)";
				INFOPLIST_FILE = SmashtagTests/Info.plist;
				LD_RUNPATH_SEARCH_PATHS = "$(inherited) @executable_path/Frameworks @loader_path/Frameworks";
				PRODUCT_BUNDLE_IDENTIFIER = com.blaise2s.SmashtagTests;
				PRODUCT_NAME = "$(TARGET_NAME)";
				TEST_HOST = "$(BUILT_PRODUCTS_DIR)/Smashtag.app/Smashtag";
			};
			name = Debug;
		};
		16733EBE1CAC822200E0A294 /* Release */ = {
			isa = XCBuildConfiguration;
			buildSettings = {
				BUNDLE_LOADER = "$(TEST_HOST)";
				INFOPLIST_FILE = SmashtagTests/Info.plist;
				LD_RUNPATH_SEARCH_PATHS = "$(inherited) @executable_path/Frameworks @loader_path/Frameworks";
				PRODUCT_BUNDLE_IDENTIFIER = com.blaise2s.SmashtagTests;
				PRODUCT_NAME = "$(TARGET_NAME)";
				TEST_HOST = "$(BUILT_PRODUCTS_DIR)/Smashtag.app/Smashtag";
			};
			name = Release;
		};
		16733EC01CAC822200E0A294 /* Debug */ = {
			isa = XCBuildConfiguration;
			buildSettings = {
				INFOPLIST_FILE = SmashtagUITests/Info.plist;
				LD_RUNPATH_SEARCH_PATHS = "$(inherited) @executable_path/Frameworks @loader_path/Frameworks";
				PRODUCT_BUNDLE_IDENTIFIER = com.blaise2s.SmashtagUITests;
				PRODUCT_NAME = "$(TARGET_NAME)";
				TEST_TARGET_NAME = Smashtag;
			};
			name = Debug;
		};
		16733EC11CAC822200E0A294 /* Release */ = {
			isa = XCBuildConfiguration;
			buildSettings = {
				INFOPLIST_FILE = SmashtagUITests/Info.plist;
				LD_RUNPATH_SEARCH_PATHS = "$(inherited) @executable_path/Frameworks @loader_path/Frameworks";
				PRODUCT_BUNDLE_IDENTIFIER = com.blaise2s.SmashtagUITests;
				PRODUCT_NAME = "$(TARGET_NAME)";
				TEST_TARGET_NAME = Smashtag;
			};
			name = Release;
		};
/* End XCBuildConfiguration section */

/* Begin XCConfigurationList section */
		16733E8C1CAC822100E0A294 /* Build configuration list for PBXProject "Smashtag" */ = {
			isa = XCConfigurationList;
			buildConfigurations = (
				16733EB71CAC822200E0A294 /* Debug */,
				16733EB81CAC822200E0A294 /* Release */,
			);
			defaultConfigurationIsVisible = 0;
			defaultConfigurationName = Release;
		};
		16733EB91CAC822200E0A294 /* Build configuration list for PBXNativeTarget "Smashtag" */ = {
			isa = XCConfigurationList;
			buildConfigurations = (
				16733EBA1CAC822200E0A294 /* Debug */,
				16733EBB1CAC822200E0A294 /* Release */,
			);
			defaultConfigurationIsVisible = 0;
			defaultConfigurationName = Release;
		};
		16733EBC1CAC822200E0A294 /* Build configuration list for PBXNativeTarget "SmashtagTests" */ = {
			isa = XCConfigurationList;
			buildConfigurations = (
				16733EBD1CAC822200E0A294 /* Debug */,
				16733EBE1CAC822200E0A294 /* Release */,
			);
			defaultConfigurationIsVisible = 0;
			defaultConfigurationName = Release;
		};
		16733EBF1CAC822200E0A294 /* Build configuration list for PBXNativeTarget "SmashtagUITests" */ = {
			isa = XCConfigurationList;
			buildConfigurations = (
				16733EC01CAC822200E0A294 /* Debug */,
				16733EC11CAC822200E0A294 /* Release */,
			);
			defaultConfigurationIsVisible = 0;
			defaultConfigurationName = Release;
		};
/* End XCConfigurationList section */
	};
	rootObject = 16733E891CAC822100E0A294 /* Project object */;
}
