// !$*UTF8*$!
{
	archiveVersion = 1;
	classes = {
	};
	objectVersion = 46;
	objects = {

/* Begin PBXBuildFile section */
		16068C111C9127A500685B2F /* AppDelegate.swift in Sources */ = {isa = PBXBuildFile; fileRef = 16068C101C9127A500685B2F /* AppDelegate.swift */; };
		16068C131C9127A500685B2F /* FirstViewController.swift in Sources */ = {isa = PBXBuildFile; fileRef = 16068C121C9127A500685B2F /* FirstViewController.swift */; };
		16068C151C9127A500685B2F /* SecondViewController.swift in Sources */ = {isa = PBXBuildFile; fileRef = 16068C141C9127A500685B2F /* SecondViewController.swift */; };
		16068C181C9127A500685B2F /* Main.storyboard in Resources */ = {isa = PBXBuildFile; fileRef = 16068C161C9127A500685B2F /* Main.storyboard */; };
		16068C1A1C9127A500685B2F /* Assets.xcassets in Resources */ = {isa = PBXBuildFile; fileRef = 16068C191C9127A500685B2F /* Assets.xcassets */; };
		16068C1D1C9127A500685B2F /* LaunchScreen.storyboard in Resources */ = {isa = PBXBuildFile; fileRef = 16068C1B1C9127A500685B2F /* LaunchScreen.storyboard */; };
		16068C281C9127A500685B2F /* TESTTests.swift in Sources */ = {isa = PBXBuildFile; fileRef = 16068C271C9127A500685B2F /* TESTTests.swift */; };
		16068C331C9127A500685B2F /* TESTUITests.swift in Sources */ = {isa = PBXBuildFile; fileRef = 16068C321C9127A500685B2F /* TESTUITests.swift */; };
/* End PBXBuildFile section */

/* Begin PBXContainerItemProxy section */
		16068C241C9127A500685B2F /* PBXContainerItemProxy */ = {
			isa = PBXContainerItemProxy;
			containerPortal = 16068C051C9127A500685B2F /* Project object */;
			proxyType = 1;
			remoteGlobalIDString = 16068C0C1C9127A500685B2F;
			remoteInfo = TEST;
		};
		16068C2F1C9127A500685B2F /* PBXContainerItemProxy */ = {
			isa = PBXContainerItemProxy;
			containerPortal = 16068C051C9127A500685B2F /* Project object */;
			proxyType = 1;
			remoteGlobalIDString = 16068C0C1C9127A500685B2F;
			remoteInfo = TEST;
		};
/* End PBXContainerItemProxy section */

/* Begin PBXFileReference section */
		16068C0D1C9127A500685B2F /* TEST.app */ = {isa = PBXFileReference; explicitFileType = wrapper.application; includeInIndex = 0; path = TEST.app; sourceTree = BUILT_PRODUCTS_DIR; };
		16068C101C9127A500685B2F /* AppDelegate.swift */ = {isa = PBXFileReference; lastKnownFileType = sourcecode.swift; path = AppDelegate.swift; sourceTree = "<group>"; };
		16068C121C9127A500685B2F /* FirstViewController.swift */ = {isa = PBXFileReference; lastKnownFileType = sourcecode.swift; path = FirstViewController.swift; sourceTree = "<group>"; };
		16068C141C9127A500685B2F /* SecondViewController.swift */ = {isa = PBXFileReference; lastKnownFileType = sourcecode.swift; path = SecondViewController.swift; sourceTree = "<group>"; };
		16068C171C9127A500685B2F /* Base */ = {isa = PBXFileReference; lastKnownFileType = file.storyboard; name = Base; path = Base.lproj/Main.storyboard; sourceTree = "<group>"; };
		16068C191C9127A500685B2F /* Assets.xcassets */ = {isa = PBXFileReference; lastKnownFileType = folder.assetcatalog; path = Assets.xcassets; sourceTree = "<group>"; };
		16068C1C1C9127A500685B2F /* Base */ = {isa = PBXFileReference; lastKnownFileType = file.storyboard; name = Base; path = Base.lproj/LaunchScreen.storyboard; sourceTree = "<group>"; };
		16068C1E1C9127A500685B2F /* Info.plist */ = {isa = PBXFileReference; lastKnownFileType = text.plist.xml; path = Info.plist; sourceTree = "<group>"; };
		16068C231C9127A500685B2F /* TESTTests.xctest */ = {isa = PBXFileReference; explicitFileType = wrapper.cfbundle; includeInIndex = 0; path = TESTTests.xctest; sourceTree = BUILT_PRODUCTS_DIR; };
		16068C271C9127A500685B2F /* TESTTests.swift */ = {isa = PBXFileReference; lastKnownFileType = sourcecode.swift; path = TESTTests.swift; sourceTree = "<group>"; };
		16068C291C9127A500685B2F /* Info.plist */ = {isa = PBXFileReference; lastKnownFileType = text.plist.xml; path = Info.plist; sourceTree = "<group>"; };
		16068C2E1C9127A500685B2F /* TESTUITests.xctest */ = {isa = PBXFileReference; explicitFileType = wrapper.cfbundle; includeInIndex = 0; path = TESTUITests.xctest; sourceTree = BUILT_PRODUCTS_DIR; };
		16068C321C9127A500685B2F /* TESTUITests.swift */ = {isa = PBXFileReference; lastKnownFileType = sourcecode.swift; path = TESTUITests.swift; sourceTree = "<group>"; };
		16068C341C9127A500685B2F /* Info.plist */ = {isa = PBXFileReference; lastKnownFileType = text.plist.xml; path = Info.plist; sourceTree = "<group>"; };
/* End PBXFileReference section */

/* Begin PBXFrameworksBuildPhase section */
		16068C0A1C9127A500685B2F /* Frameworks */ = {
			isa = PBXFrameworksBuildPhase;
			buildActionMask = 2147483647;
			files = (
			);
			runOnlyForDeploymentPostprocessing = 0;
		};
		16068C201C9127A500685B2F /* Frameworks */ = {
			isa = PBXFrameworksBuildPhase;
			buildActionMask = 2147483647;
			files = (
			);
			runOnlyForDeploymentPostprocessing = 0;
		};
		16068C2B1C9127A500685B2F /* Frameworks */ = {
			isa = PBXFrameworksBuildPhase;
			buildActionMask = 2147483647;
			files = (
			);
			runOnlyForDeploymentPostprocessing = 0;
		};
/* End PBXFrameworksBuildPhase section */

/* Begin PBXGroup section */
		16068C041C9127A500685B2F = {
			isa = PBXGroup;
			children = (
				16068C0F1C9127A500685B2F /* TEST */,
				16068C261C9127A500685B2F /* TESTTests */,
				16068C311C9127A500685B2F /* TESTUITests */,
				16068C0E1C9127A500685B2F /* Products */,
			);
			sourceTree = "<group>";
		};
		16068C0E1C9127A500685B2F /* Products */ = {
			isa = PBXGroup;
			children = (
				16068C0D1C9127A500685B2F /* TEST.app */,
				16068C231C9127A500685B2F /* TESTTests.xctest */,
				16068C2E1C9127A500685B2F /* TESTUITests.xctest */,
			);
			name = Products;
			sourceTree = "<group>";
		};
		16068C0F1C9127A500685B2F /* TEST */ = {
			isa = PBXGroup;
			children = (
				16068C101C9127A500685B2F /* AppDelegate.swift */,
				16068C121C9127A500685B2F /* FirstViewController.swift */,
				16068C141C9127A500685B2F /* SecondViewController.swift */,
				16068C161C9127A500685B2F /* Main.storyboard */,
				16068C191C9127A500685B2F /* Assets.xcassets */,
				16068C1B1C9127A500685B2F /* LaunchScreen.storyboard */,
				16068C1E1C9127A500685B2F /* Info.plist */,
			);
			path = TEST;
			sourceTree = "<group>";
		};
		16068C261C9127A500685B2F /* TESTTests */ = {
			isa = PBXGroup;
			children = (
				16068C271C9127A500685B2F /* TESTTests.swift */,
				16068C291C9127A500685B2F /* Info.plist */,
			);
			path = TESTTests;
			sourceTree = "<group>";
		};
		16068C311C9127A500685B2F /* TESTUITests */ = {
			isa = PBXGroup;
			children = (
				16068C321C9127A500685B2F /* TESTUITests.swift */,
				16068C341C9127A500685B2F /* Info.plist */,
			);
			path = TESTUITests;
			sourceTree = "<group>";
		};
/* End PBXGroup section */

/* Begin PBXNativeTarget section */
		16068C0C1C9127A500685B2F /* TEST */ = {
			isa = PBXNativeTarget;
			buildConfigurationList = 16068C371C9127A500685B2F /* Build configuration list for PBXNativeTarget "TEST" */;
			buildPhases = (
				16068C091C9127A500685B2F /* Sources */,
				16068C0A1C9127A500685B2F /* Frameworks */,
				16068C0B1C9127A500685B2F /* Resources */,
			);
			buildRules = (
			);
			dependencies = (
			);
			name = TEST;
			productName = TEST;
			productReference = 16068C0D1C9127A500685B2F /* TEST.app */;
			productType = "com.apple.product-type.application";
		};
		16068C221C9127A500685B2F /* TESTTests */ = {
			isa = PBXNativeTarget;
			buildConfigurationList = 16068C3A1C9127A500685B2F /* Build configuration list for PBXNativeTarget "TESTTests" */;
			buildPhases = (
				16068C1F1C9127A500685B2F /* Sources */,
				16068C201C9127A500685B2F /* Frameworks */,
				16068C211C9127A500685B2F /* Resources */,
			);
			buildRules = (
			);
			dependencies = (
				16068C251C9127A500685B2F /* PBXTargetDependency */,
			);
			name = TESTTests;
			productName = TESTTests;
			productReference = 16068C231C9127A500685B2F /* TESTTests.xctest */;
			productType = "com.apple.product-type.bundle.unit-test";
		};
		16068C2D1C9127A500685B2F /* TESTUITests */ = {
			isa = PBXNativeTarget;
			buildConfigurationList = 16068C3D1C9127A500685B2F /* Build configuration list for PBXNativeTarget "TESTUITests" */;
			buildPhases = (
				16068C2A1C9127A500685B2F /* Sources */,
				16068C2B1C9127A500685B2F /* Frameworks */,
				16068C2C1C9127A500685B2F /* Resources */,
			);
			buildRules = (
			);
			dependencies = (
				16068C301C9127A500685B2F /* PBXTargetDependency */,
			);
			name = TESTUITests;
			productName = TESTUITests;
			productReference = 16068C2E1C9127A500685B2F /* TESTUITests.xctest */;
			productType = "com.apple.product-type.bundle.ui-testing";
		};
/* End PBXNativeTarget section */

/* Begin PBXProject section */
		16068C051C9127A500685B2F /* Project object */ = {
			isa = PBXProject;
			attributes = {
				LastSwiftUpdateCheck = 0720;
				LastUpgradeCheck = 0720;
				ORGANIZATIONNAME = Blaise2s;
				TargetAttributes = {
					16068C0C1C9127A500685B2F = {
						CreatedOnToolsVersion = 7.2.1;
						DevelopmentTeam = 8XV24NFT5Q;
					};
					16068C221C9127A500685B2F = {
						CreatedOnToolsVersion = 7.2.1;
						DevelopmentTeam = 8XV24NFT5Q;
						TestTargetID = 16068C0C1C9127A500685B2F;
					};
					16068C2D1C9127A500685B2F = {
						CreatedOnToolsVersion = 7.2.1;
						DevelopmentTeam = 8XV24NFT5Q;
						TestTargetID = 16068C0C1C9127A500685B2F;
					};
				};
			};
			buildConfigurationList = 16068C081C9127A500685B2F /* Build configuration list for PBXProject "TEST" */;
			compatibilityVersion = "Xcode 3.2";
			developmentRegion = English;
			hasScannedForEncodings = 0;
			knownRegions = (
				en,
				Base,
			);
			mainGroup = 16068C041C9127A500685B2F;
			productRefGroup = 16068C0E1C9127A500685B2F /* Products */;
			projectDirPath = "";
			projectRoot = "";
			targets = (
				16068C0C1C9127A500685B2F /* TEST */,
				16068C221C9127A500685B2F /* TESTTests */,
				16068C2D1C9127A500685B2F /* TESTUITests */,
			);
		};
/* End PBXProject section */

/* Begin PBXResourcesBuildPhase section */
		16068C0B1C9127A500685B2F /* Resources */ = {
			isa = PBXResourcesBuildPhase;
			buildActionMask = 2147483647;
			files = (
				16068C1D1C9127A500685B2F /* LaunchScreen.storyboard in Resources */,
				16068C1A1C9127A500685B2F /* Assets.xcassets in Resources */,
				16068C181C9127A500685B2F /* Main.storyboard in Resources */,
			);
			runOnlyForDeploymentPostprocessing = 0;
		};
		16068C211C9127A500685B2F /* Resources */ = {
			isa = PBXResourcesBuildPhase;
			buildActionMask = 2147483647;
			files = (
			);
			runOnlyForDeploymentPostprocessing = 0;
		};
		16068C2C1C9127A500685B2F /* Resources */ = {
			isa = PBXResourcesBuildPhase;
			buildActionMask = 2147483647;
			files = (
			);
			runOnlyForDeploymentPostprocessing = 0;
		};
/* End PBXResourcesBuildPhase section */

/* Begin PBXSourcesBuildPhase section */
		16068C091C9127A500685B2F /* Sources */ = {
			isa = PBXSourcesBuildPhase;
			buildActionMask = 2147483647;
			files = (
				16068C151C9127A500685B2F /* SecondViewController.swift in Sources */,
				16068C111C9127A500685B2F /* AppDelegate.swift in Sources */,
				16068C131C9127A500685B2F /* FirstViewController.swift in Sources */,
			);
			runOnlyForDeploymentPostprocessing = 0;
		};
		16068C1F1C9127A500685B2F /* Sources */ = {
			isa = PBXSourcesBuildPhase;
			buildActionMask = 2147483647;
			files = (
				16068C281C9127A500685B2F /* TESTTests.swift in Sources */,
			);
			runOnlyForDeploymentPostprocessing = 0;
		};
		16068C2A1C9127A500685B2F /* Sources */ = {
			isa = PBXSourcesBuildPhase;
			buildActionMask = 2147483647;
			files = (
				16068C331C9127A500685B2F /* TESTUITests.swift in Sources */,
			);
			runOnlyForDeploymentPostprocessing = 0;
		};
/* End PBXSourcesBuildPhase section */

/* Begin PBXTargetDependency section */
		16068C251C9127A500685B2F /* PBXTargetDependency */ = {
			isa = PBXTargetDependency;
			target = 16068C0C1C9127A500685B2F /* TEST */;
			targetProxy = 16068C241C9127A500685B2F /* PBXContainerItemProxy */;
		};
		16068C301C9127A500685B2F /* PBXTargetDependency */ = {
			isa = PBXTargetDependency;
			target = 16068C0C1C9127A500685B2F /* TEST */;
			targetProxy = 16068C2F1C9127A500685B2F /* PBXContainerItemProxy */;
		};
/* End PBXTargetDependency section */

/* Begin PBXVariantGroup section */
		16068C161C9127A500685B2F /* Main.storyboard */ = {
			isa = PBXVariantGroup;
			children = (
				16068C171C9127A500685B2F /* Base */,
			);
			name = Main.storyboard;
			sourceTree = "<group>";
		};
		16068C1B1C9127A500685B2F /* LaunchScreen.storyboard */ = {
			isa = PBXVariantGroup;
			children = (
				16068C1C1C9127A500685B2F /* Base */,
			);
			name = LaunchScreen.storyboard;
			sourceTree = "<group>";
		};
/* End PBXVariantGroup section */

/* Begin XCBuildConfiguration section */
		16068C351C9127A500685B2F /* Debug */ = {
			isa = XCBuildConfiguration;
			buildSettings = {
				ALWAYS_SEARCH_USER_PATHS = NO;
				CLANG_CXX_LANGUAGE_STANDARD = "gnu++0x";
				CLANG_CXX_LIBRARY = "libc++";
				CLANG_ENABLE_MODULES = YES;
				CLANG_ENABLE_OBJC_ARC = YES;
				CLANG_WARN_BOOL_CONVERSION = YES;
				CLANG_WARN_CONSTANT_CONVERSION = YES;
				CLANG_WARN_DIRECT_OBJC_ISA_USAGE = YES_ERROR;
				CLANG_WARN_EMPTY_BODY = YES;
				CLANG_WARN_ENUM_CONVERSION = YES;
				CLANG_WARN_INT_CONVERSION = YES;
				CLANG_WARN_OBJC_ROOT_CLASS = YES_ERROR;
				CLANG_WARN_UNREACHABLE_CODE = YES;
				CLANG_WARN__DUPLICATE_METHOD_MATCH = YES;
				"CODE_SIGN_IDENTITY[sdk=iphoneos*]" = "iPhone Developer";
				COPY_PHASE_STRIP = NO;
				DEBUG_INFORMATION_FORMAT = dwarf;
				ENABLE_STRICT_OBJC_MSGSEND = YES;
				ENABLE_TESTABILITY = YES;
				GCC_C_LANGUAGE_STANDARD = gnu99;
				GCC_DYNAMIC_NO_PIC = NO;
				GCC_NO_COMMON_BLOCKS = YES;
				GCC_OPTIMIZATION_LEVEL = 0;
				GCC_PREPROCESSOR_DEFINITIONS = (
					"DEBUG=1",
					"$(inherited)",
				);
				GCC_WARN_64_TO_32_BIT_CONVERSION = YES;
				GCC_WARN_ABOUT_RETURN_TYPE = YES_ERROR;
				GCC_WARN_UNDECLARED_SELECTOR = YES;
				GCC_WARN_UNINITIALIZED_AUTOS = YES_AGGRESSIVE;
				GCC_WARN_UNUSED_FUNCTION = YES;
				GCC_WARN_UNUSED_VARIABLE = YES;
				IPHONEOS_DEPLOYMENT_TARGET = 9.2;
				MTL_ENABLE_DEBUG_INFO = YES;
				ONLY_ACTIVE_ARCH = YES;
				SDKROOT = iphoneos;
				SWIFT_OPTIMIZATION_LEVEL = "-Onone";
				TARGETED_DEVICE_FAMILY = "1,2";
			};
			name = Debug;
		};
		16068C361C9127A500685B2F /* Release */ = {
			isa = XCBuildConfiguration;
			buildSettings = {
				ALWAYS_SEARCH_USER_PATHS = NO;
				CLANG_CXX_LANGUAGE_STANDARD = "gnu++0x";
				CLANG_CXX_LIBRARY = "libc++";
				CLANG_ENABLE_MODULES = YES;
				CLANG_ENABLE_OBJC_ARC = YES;
				CLANG_WARN_BOOL_CONVERSION = YES;
				CLANG_WARN_CONSTANT_CONVERSION = YES;
				CLANG_WARN_DIRECT_OBJC_ISA_USAGE = YES_ERROR;
				CLANG_WARN_EMPTY_BODY = YES;
				CLANG_WARN_ENUM_CONVERSION = YES;
				CLANG_WARN_INT_CONVERSION = YES;
				CLANG_WARN_OBJC_ROOT_CLASS = YES_ERROR;
				CLANG_WARN_UNREACHABLE_CODE = YES;
				CLANG_WARN__DUPLICATE_METHOD_MATCH = YES;
				"CODE_SIGN_IDENTITY[sdk=iphoneos*]" = "iPhone Developer";
				COPY_PHASE_STRIP = NO;
				DEBUG_INFORMATION_FORMAT = "dwarf-with-dsym";
				ENABLE_NS_ASSERTIONS = NO;
				ENABLE_STRICT_OBJC_MSGSEND = YES;
				GCC_C_LANGUAGE_STANDARD = gnu99;
				GCC_NO_COMMON_BLOCKS = YES;
				GCC_WARN_64_TO_32_BIT_CONVERSION = YES;
				GCC_WARN_ABOUT_RETURN_TYPE = YES_ERROR;
				GCC_WARN_UNDECLARED_SELECTOR = YES;
				GCC_WARN_UNINITIALIZED_AUTOS = YES_AGGRESSIVE;
				GCC_WARN_UNUSED_FUNCTION = YES;
				GCC_WARN_UNUSED_VARIABLE = YES;
				IPHONEOS_DEPLOYMENT_TARGET = 9.2;
				MTL_ENABLE_DEBUG_INFO = NO;
				SDKROOT = iphoneos;
				TARGETED_DEVICE_FAMILY = "1,2";
				VALIDATE_PRODUCT = YES;
			};
			name = Release;
		};
		16068C381C9127A500685B2F /* Debug */ = {
			isa = XCBuildConfiguration;
			buildSettings = {
				ASSETCATALOG_COMPILER_APPICON_NAME = AppIcon;
				INFOPLIST_FILE = TEST/Info.plist;
				LD_RUNPATH_SEARCH_PATHS = "$(inherited) @executable_path/Frameworks";
				PRODUCT_BUNDLE_IDENTIFIER = com.blaise2s.TEST;
				PRODUCT_NAME = "$(TARGET_NAME)";
			};
			name = Debug;
		};
		16068C391C9127A500685B2F /* Release */ = {
			isa = XCBuildConfiguration;
			buildSettings = {
				ASSETCATALOG_COMPILER_APPICON_NAME = AppIcon;
				INFOPLIST_FILE = TEST/Info.plist;
				LD_RUNPATH_SEARCH_PATHS = "$(inherited) @executable_path/Frameworks";
				PRODUCT_BUNDLE_IDENTIFIER = com.blaise2s.TEST;
				PRODUCT_NAME = "$(TARGET_NAME)";
			};
			name = Release;
		};
		16068C3B1C9127A500685B2F /* Debug */ = {
			isa = XCBuildConfiguration;
			buildSettings = {
				BUNDLE_LOADER = "$(TEST_HOST)";
				INFOPLIST_FILE = TESTTests/Info.plist;
				LD_RUNPATH_SEARCH_PATHS = "$(inherited) @executable_path/Frameworks @loader_path/Frameworks";
				PRODUCT_BUNDLE_IDENTIFIER = com.blaise2s.TESTTests;
				PRODUCT_NAME = "$(TARGET_NAME)";
				TEST_HOST = "$(BUILT_PRODUCTS_DIR)/TEST.app/TEST";
			};
			name = Debug;
		};
		16068C3C1C9127A500685B2F /* Release */ = {
			isa = XCBuildConfiguration;
			buildSettings = {
				BUNDLE_LOADER = "$(TEST_HOST)";
				INFOPLIST_FILE = TESTTests/Info.plist;
				LD_RUNPATH_SEARCH_PATHS = "$(inherited) @executable_path/Frameworks @loader_path/Frameworks";
				PRODUCT_BUNDLE_IDENTIFIER = com.blaise2s.TESTTests;
				PRODUCT_NAME = "$(TARGET_NAME)";
				TEST_HOST = "$(BUILT_PRODUCTS_DIR)/TEST.app/TEST";
			};
			name = Release;
		};
		16068C3E1C9127A500685B2F /* Debug */ = {
			isa = XCBuildConfiguration;
			buildSettings = {
				INFOPLIST_FILE = TESTUITests/Info.plist;
				LD_RUNPATH_SEARCH_PATHS = "$(inherited) @executable_path/Frameworks @loader_path/Frameworks";
				PRODUCT_BUNDLE_IDENTIFIER = com.blaise2s.TESTUITests;
				PRODUCT_NAME = "$(TARGET_NAME)";
				TEST_TARGET_NAME = TEST;
				USES_XCTRUNNER = YES;
			};
			name = Debug;
		};
		16068C3F1C9127A500685B2F /* Release */ = {
			isa = XCBuildConfiguration;
			buildSettings = {
				INFOPLIST_FILE = TESTUITests/Info.plist;
				LD_RUNPATH_SEARCH_PATHS = "$(inherited) @executable_path/Frameworks @loader_path/Frameworks";
				PRODUCT_BUNDLE_IDENTIFIER = com.blaise2s.TESTUITests;
				PRODUCT_NAME = "$(TARGET_NAME)";
				TEST_TARGET_NAME = TEST;
				USES_XCTRUNNER = YES;
			};
			name = Release;
		};
/* End XCBuildConfiguration section */

/* Begin XCConfigurationList section */
		16068C081C9127A500685B2F /* Build configuration list for PBXProject "TEST" */ = {
			isa = XCConfigurationList;
			buildConfigurations = (
				16068C351C9127A500685B2F /* Debug */,
				16068C361C9127A500685B2F /* Release */,
			);
			defaultConfigurationIsVisible = 0;
			defaultConfigurationName = Release;
		};
		16068C371C9127A500685B2F /* Build configuration list for PBXNativeTarget "TEST" */ = {
			isa = XCConfigurationList;
			buildConfigurations = (
				16068C381C9127A500685B2F /* Debug */,
				16068C391C9127A500685B2F /* Release */,
			);
			defaultConfigurationIsVisible = 0;
		};
		16068C3A1C9127A500685B2F /* Build configuration list for PBXNativeTarget "TESTTests" */ = {
			isa = XCConfigurationList;
			buildConfigurations = (
				16068C3B1C9127A500685B2F /* Debug */,
				16068C3C1C9127A500685B2F /* Release */,
			);
			defaultConfigurationIsVisible = 0;
		};
		16068C3D1C9127A500685B2F /* Build configuration list for PBXNativeTarget "TESTUITests" */ = {
			isa = XCConfigurationList;
			buildConfigurations = (
				16068C3E1C9127A500685B2F /* Debug */,
				16068C3F1C9127A500685B2F /* Release */,
			);
			defaultConfigurationIsVisible = 0;
		};
/* End XCConfigurationList section */
	};
	rootObject = 16068C051C9127A500685B2F /* Project object */;
}
