// !$*UTF8*$!
{
	archiveVersion = 1;
	classes = {
	};
	objectVersion = 46;
	objects = {

/* Begin PBXBuildFile section */
		16516B6B1CAB62DF00A10583 /* AppDelegate.swift in Sources */ = {isa = PBXBuildFile; fileRef = 16516B6A1CAB62DF00A10583 /* AppDelegate.swift */; };
		16516B6D1CAB62DF00A10583 /* ViewController.swift in Sources */ = {isa = PBXBuildFile; fileRef = 16516B6C1CAB62DF00A10583 /* ViewController.swift */; };
		16516B701CAB62DF00A10583 /* Main.storyboard in Resources */ = {isa = PBXBuildFile; fileRef = 16516B6E1CAB62DF00A10583 /* Main.storyboard */; };
		16516B721CAB62DF00A10583 /* Assets.xcassets in Resources */ = {isa = PBXBuildFile; fileRef = 16516B711CAB62DF00A10583 /* Assets.xcassets */; };
		16516B751CAB62DF00A10583 /* LaunchScreen.storyboard in Resources */ = {isa = PBXBuildFile; fileRef = 16516B731CAB62DF00A10583 /* LaunchScreen.storyboard */; };
		16516B801CAB62DF00A10583 /* CassiniTests.swift in Sources */ = {isa = PBXBuildFile; fileRef = 16516B7F1CAB62DF00A10583 /* CassiniTests.swift */; };
		16516B8B1CAB62DF00A10583 /* CassiniUITests.swift in Sources */ = {isa = PBXBuildFile; fileRef = 16516B8A1CAB62DF00A10583 /* CassiniUITests.swift */; };
		16516B991CAB637700A10583 /* ImageViewController.swift in Sources */ = {isa = PBXBuildFile; fileRef = 16516B981CAB637700A10583 /* ImageViewController.swift */; };
		16516B9B1CAB663400A10583 /* DemoURL.swift in Sources */ = {isa = PBXBuildFile; fileRef = 16516B9A1CAB663400A10583 /* DemoURL.swift */; };
/* End PBXBuildFile section */

/* Begin PBXContainerItemProxy section */
		16516B7C1CAB62DF00A10583 /* PBXContainerItemProxy */ = {
			isa = PBXContainerItemProxy;
			containerPortal = 16516B5F1CAB62DF00A10583 /* Project object */;
			proxyType = 1;
			remoteGlobalIDString = 16516B661CAB62DF00A10583;
			remoteInfo = Cassini;
		};
		16516B871CAB62DF00A10583 /* PBXContainerItemProxy */ = {
			isa = PBXContainerItemProxy;
			containerPortal = 16516B5F1CAB62DF00A10583 /* Project object */;
			proxyType = 1;
			remoteGlobalIDString = 16516B661CAB62DF00A10583;
			remoteInfo = Cassini;
		};
/* End PBXContainerItemProxy section */

/* Begin PBXFileReference section */
		16516B671CAB62DF00A10583 /* Cassini.app */ = {isa = PBXFileReference; explicitFileType = wrapper.application; includeInIndex = 0; path = Cassini.app; sourceTree = BUILT_PRODUCTS_DIR; };
		16516B6A1CAB62DF00A10583 /* AppDelegate.swift */ = {isa = PBXFileReference; lastKnownFileType = sourcecode.swift; path = AppDelegate.swift; sourceTree = "<group>"; };
		16516B6C1CAB62DF00A10583 /* ViewController.swift */ = {isa = PBXFileReference; lastKnownFileType = sourcecode.swift; path = ViewController.swift; sourceTree = "<group>"; };
		16516B6F1CAB62DF00A10583 /* Base */ = {isa = PBXFileReference; lastKnownFileType = file.storyboard; name = Base; path = Base.lproj/Main.storyboard; sourceTree = "<group>"; };
		16516B711CAB62DF00A10583 /* Assets.xcassets */ = {isa = PBXFileReference; lastKnownFileType = folder.assetcatalog; path = Assets.xcassets; sourceTree = "<group>"; };
		16516B741CAB62DF00A10583 /* Base */ = {isa = PBXFileReference; lastKnownFileType = file.storyboard; name = Base; path = Base.lproj/LaunchScreen.storyboard; sourceTree = "<group>"; };
		16516B761CAB62DF00A10583 /* Info.plist */ = {isa = PBXFileReference; lastKnownFileType = text.plist.xml; path = Info.plist; sourceTree = "<group>"; };
		16516B7B1CAB62DF00A10583 /* CassiniTests.xctest */ = {isa = PBXFileReference; explicitFileType = wrapper.cfbundle; includeInIndex = 0; path = CassiniTests.xctest; sourceTree = BUILT_PRODUCTS_DIR; };
		16516B7F1CAB62DF00A10583 /* CassiniTests.swift */ = {isa = PBXFileReference; lastKnownFileType = sourcecode.swift; path = CassiniTests.swift; sourceTree = "<group>"; };
		16516B811CAB62DF00A10583 /* Info.plist */ = {isa = PBXFileReference; lastKnownFileType = text.plist.xml; path = Info.plist; sourceTree = "<group>"; };
		16516B861CAB62DF00A10583 /* CassiniUITests.xctest */ = {isa = PBXFileReference; explicitFileType = wrapper.cfbundle; includeInIndex = 0; path = CassiniUITests.xctest; sourceTree = BUILT_PRODUCTS_DIR; };
		16516B8A1CAB62DF00A10583 /* CassiniUITests.swift */ = {isa = PBXFileReference; lastKnownFileType = sourcecode.swift; path = CassiniUITests.swift; sourceTree = "<group>"; };
		16516B8C1CAB62DF00A10583 /* Info.plist */ = {isa = PBXFileReference; lastKnownFileType = text.plist.xml; path = Info.plist; sourceTree = "<group>"; };
		16516B981CAB637700A10583 /* ImageViewController.swift */ = {isa = PBXFileReference; fileEncoding = 4; lastKnownFileType = sourcecode.swift; path = ImageViewController.swift; sourceTree = "<group>"; };
		16516B9A1CAB663400A10583 /* DemoURL.swift */ = {isa = PBXFileReference; fileEncoding = 4; lastKnownFileType = sourcecode.swift; path = DemoURL.swift; sourceTree = "<group>"; };
/* End PBXFileReference section */

/* Begin PBXFrameworksBuildPhase section */
		16516B641CAB62DF00A10583 /* Frameworks */ = {
			isa = PBXFrameworksBuildPhase;
			buildActionMask = 2147483647;
			files = (
			);
			runOnlyForDeploymentPostprocessing = 0;
		};
		16516B781CAB62DF00A10583 /* Frameworks */ = {
			isa = PBXFrameworksBuildPhase;
			buildActionMask = 2147483647;
			files = (
			);
			runOnlyForDeploymentPostprocessing = 0;
		};
		16516B831CAB62DF00A10583 /* Frameworks */ = {
			isa = PBXFrameworksBuildPhase;
			buildActionMask = 2147483647;
			files = (
			);
			runOnlyForDeploymentPostprocessing = 0;
		};
/* End PBXFrameworksBuildPhase section */

/* Begin PBXGroup section */
		16516B5E1CAB62DF00A10583 = {
			isa = PBXGroup;
			children = (
				16516B691CAB62DF00A10583 /* Cassini */,
				16516B7E1CAB62DF00A10583 /* CassiniTests */,
				16516B891CAB62DF00A10583 /* CassiniUITests */,
				16516B681CAB62DF00A10583 /* Products */,
			);
			sourceTree = "<group>";
		};
		16516B681CAB62DF00A10583 /* Products */ = {
			isa = PBXGroup;
			children = (
				16516B671CAB62DF00A10583 /* Cassini.app */,
				16516B7B1CAB62DF00A10583 /* CassiniTests.xctest */,
				16516B861CAB62DF00A10583 /* CassiniUITests.xctest */,
			);
			name = Products;
			sourceTree = "<group>";
		};
		16516B691CAB62DF00A10583 /* Cassini */ = {
			isa = PBXGroup;
			children = (
				16516B6A1CAB62DF00A10583 /* AppDelegate.swift */,
				16516B6C1CAB62DF00A10583 /* ViewController.swift */,
				16516B6E1CAB62DF00A10583 /* Main.storyboard */,
				16516B981CAB637700A10583 /* ImageViewController.swift */,
				16516B9A1CAB663400A10583 /* DemoURL.swift */,
				16516B711CAB62DF00A10583 /* Assets.xcassets */,
				16516B731CAB62DF00A10583 /* LaunchScreen.storyboard */,
				16516B761CAB62DF00A10583 /* Info.plist */,
			);
			path = Cassini;
			sourceTree = "<group>";
		};
		16516B7E1CAB62DF00A10583 /* CassiniTests */ = {
			isa = PBXGroup;
			children = (
				16516B7F1CAB62DF00A10583 /* CassiniTests.swift */,
				16516B811CAB62DF00A10583 /* Info.plist */,
			);
			path = CassiniTests;
			sourceTree = "<group>";
		};
		16516B891CAB62DF00A10583 /* CassiniUITests */ = {
			isa = PBXGroup;
			children = (
				16516B8A1CAB62DF00A10583 /* CassiniUITests.swift */,
				16516B8C1CAB62DF00A10583 /* Info.plist */,
			);
			path = CassiniUITests;
			sourceTree = "<group>";
		};
/* End PBXGroup section */

/* Begin PBXNativeTarget section */
		16516B661CAB62DF00A10583 /* Cassini */ = {
			isa = PBXNativeTarget;
			buildConfigurationList = 16516B8F1CAB62DF00A10583 /* Build configuration list for PBXNativeTarget "Cassini" */;
			buildPhases = (
				16516B631CAB62DF00A10583 /* Sources */,
				16516B641CAB62DF00A10583 /* Frameworks */,
				16516B651CAB62DF00A10583 /* Resources */,
			);
			buildRules = (
			);
			dependencies = (
			);
			name = Cassini;
			productName = Cassini;
			productReference = 16516B671CAB62DF00A10583 /* Cassini.app */;
			productType = "com.apple.product-type.application";
		};
		16516B7A1CAB62DF00A10583 /* CassiniTests */ = {
			isa = PBXNativeTarget;
			buildConfigurationList = 16516B921CAB62DF00A10583 /* Build configuration list for PBXNativeTarget "CassiniTests" */;
			buildPhases = (
				16516B771CAB62DF00A10583 /* Sources */,
				16516B781CAB62DF00A10583 /* Frameworks */,
				16516B791CAB62DF00A10583 /* Resources */,
			);
			buildRules = (
			);
			dependencies = (
				16516B7D1CAB62DF00A10583 /* PBXTargetDependency */,
			);
			name = CassiniTests;
			productName = CassiniTests;
			productReference = 16516B7B1CAB62DF00A10583 /* CassiniTests.xctest */;
			productType = "com.apple.product-type.bundle.unit-test";
		};
		16516B851CAB62DF00A10583 /* CassiniUITests */ = {
			isa = PBXNativeTarget;
			buildConfigurationList = 16516B951CAB62DF00A10583 /* Build configuration list for PBXNativeTarget "CassiniUITests" */;
			buildPhases = (
				16516B821CAB62DF00A10583 /* Sources */,
				16516B831CAB62DF00A10583 /* Frameworks */,
				16516B841CAB62DF00A10583 /* Resources */,
			);
			buildRules = (
			);
			dependencies = (
				16516B881CAB62DF00A10583 /* PBXTargetDependency */,
			);
			name = CassiniUITests;
			productName = CassiniUITests;
			productReference = 16516B861CAB62DF00A10583 /* CassiniUITests.xctest */;
			productType = "com.apple.product-type.bundle.ui-testing";
		};
/* End PBXNativeTarget section */

/* Begin PBXProject section */
		16516B5F1CAB62DF00A10583 /* Project object */ = {
			isa = PBXProject;
			attributes = {
				LastSwiftUpdateCheck = 0730;
				LastUpgradeCheck = 0730;
				ORGANIZATIONNAME = Blaise2s;
				TargetAttributes = {
					16516B661CAB62DF00A10583 = {
						CreatedOnToolsVersion = 7.3;
						DevelopmentTeam = 8XV24NFT5Q;
					};
					16516B7A1CAB62DF00A10583 = {
						CreatedOnToolsVersion = 7.3;
						DevelopmentTeam = 8XV24NFT5Q;
						TestTargetID = 16516B661CAB62DF00A10583;
					};
					16516B851CAB62DF00A10583 = {
						CreatedOnToolsVersion = 7.3;
						DevelopmentTeam = 8XV24NFT5Q;
						TestTargetID = 16516B661CAB62DF00A10583;
					};
				};
			};
			buildConfigurationList = 16516B621CAB62DF00A10583 /* Build configuration list for PBXProject "Cassini" */;
			compatibilityVersion = "Xcode 3.2";
			developmentRegion = English;
			hasScannedForEncodings = 0;
			knownRegions = (
				en,
				Base,
			);
			mainGroup = 16516B5E1CAB62DF00A10583;
			productRefGroup = 16516B681CAB62DF00A10583 /* Products */;
			projectDirPath = "";
			projectRoot = "";
			targets = (
				16516B661CAB62DF00A10583 /* Cassini */,
				16516B7A1CAB62DF00A10583 /* CassiniTests */,
				16516B851CAB62DF00A10583 /* CassiniUITests */,
			);
		};
/* End PBXProject section */

/* Begin PBXResourcesBuildPhase section */
		16516B651CAB62DF00A10583 /* Resources */ = {
			isa = PBXResourcesBuildPhase;
			buildActionMask = 2147483647;
			files = (
				16516B751CAB62DF00A10583 /* LaunchScreen.storyboard in Resources */,
				16516B721CAB62DF00A10583 /* Assets.xcassets in Resources */,
				16516B701CAB62DF00A10583 /* Main.storyboard in Resources */,
			);
			runOnlyForDeploymentPostprocessing = 0;
		};
		16516B791CAB62DF00A10583 /* Resources */ = {
			isa = PBXResourcesBuildPhase;
			buildActionMask = 2147483647;
			files = (
			);
			runOnlyForDeploymentPostprocessing = 0;
		};
		16516B841CAB62DF00A10583 /* Resources */ = {
			isa = PBXResourcesBuildPhase;
			buildActionMask = 2147483647;
			files = (
			);
			runOnlyForDeploymentPostprocessing = 0;
		};
/* End PBXResourcesBuildPhase section */

/* Begin PBXSourcesBuildPhase section */
		16516B631CAB62DF00A10583 /* Sources */ = {
			isa = PBXSourcesBuildPhase;
			buildActionMask = 2147483647;
			files = (
				16516B9B1CAB663400A10583 /* DemoURL.swift in Sources */,
				16516B6D1CAB62DF00A10583 /* ViewController.swift in Sources */,
				16516B991CAB637700A10583 /* ImageViewController.swift in Sources */,
				16516B6B1CAB62DF00A10583 /* AppDelegate.swift in Sources */,
			);
			runOnlyForDeploymentPostprocessing = 0;
		};
		16516B771CAB62DF00A10583 /* Sources */ = {
			isa = PBXSourcesBuildPhase;
			buildActionMask = 2147483647;
			files = (
				16516B801CAB62DF00A10583 /* CassiniTests.swift in Sources */,
			);
			runOnlyForDeploymentPostprocessing = 0;
		};
		16516B821CAB62DF00A10583 /* Sources */ = {
			isa = PBXSourcesBuildPhase;
			buildActionMask = 2147483647;
			files = (
				16516B8B1CAB62DF00A10583 /* CassiniUITests.swift in Sources */,
			);
			runOnlyForDeploymentPostprocessing = 0;
		};
/* End PBXSourcesBuildPhase section */

/* Begin PBXTargetDependency section */
		16516B7D1CAB62DF00A10583 /* PBXTargetDependency */ = {
			isa = PBXTargetDependency;
			target = 16516B661CAB62DF00A10583 /* Cassini */;
			targetProxy = 16516B7C1CAB62DF00A10583 /* PBXContainerItemProxy */;
		};
		16516B881CAB62DF00A10583 /* PBXTargetDependency */ = {
			isa = PBXTargetDependency;
			target = 16516B661CAB62DF00A10583 /* Cassini */;
			targetProxy = 16516B871CAB62DF00A10583 /* PBXContainerItemProxy */;
		};
/* End PBXTargetDependency section */

/* Begin PBXVariantGroup section */
		16516B6E1CAB62DF00A10583 /* Main.storyboard */ = {
			isa = PBXVariantGroup;
			children = (
				16516B6F1CAB62DF00A10583 /* Base */,
			);
			name = Main.storyboard;
			sourceTree = "<group>";
		};
		16516B731CAB62DF00A10583 /* LaunchScreen.storyboard */ = {
			isa = PBXVariantGroup;
			children = (
				16516B741CAB62DF00A10583 /* Base */,
			);
			name = LaunchScreen.storyboard;
			sourceTree = "<group>";
		};
/* End PBXVariantGroup section */

/* Begin XCBuildConfiguration section */
		16516B8D1CAB62DF00A10583 /* Debug */ = {
			isa = XCBuildConfiguration;
			buildSettings = {
				ALWAYS_SEARCH_USER_PATHS = NO;
				CLANG_ANALYZER_NONNULL = YES;
				CLANG_CXX_LANGUAGE_STANDARD = "gnu++0x";
				CLANG_CXX_LIBRARY = "libc++";
				CLANG_ENABLE_MODULES = YES;
				CLANG_ENABLE_OBJC_ARC = YES;
				CLANG_WARN_BOOL_CONVERSION = YES;
				CLANG_WARN_CONSTANT_CONVERSION = YES;
				CLANG_WARN_DIRECT_OBJC_ISA_USAGE = YES_ERROR;
				CLANG_WARN_EMPTY_BODY = YES;
				CLANG_WARN_ENUM_CONVERSION = YES;
				CLANG_WARN_INT_CONVERSION = YES;
				CLANG_WARN_OBJC_ROOT_CLASS = YES_ERROR;
				CLANG_WARN_UNREACHABLE_CODE = YES;
				CLANG_WARN__DUPLICATE_METHOD_MATCH = YES;
				"CODE_SIGN_IDENTITY[sdk=iphoneos*]" = "iPhone Developer";
				COPY_PHASE_STRIP = NO;
				DEBUG_INFORMATION_FORMAT = dwarf;
				ENABLE_STRICT_OBJC_MSGSEND = YES;
				ENABLE_TESTABILITY = YES;
				GCC_C_LANGUAGE_STANDARD = gnu99;
				GCC_DYNAMIC_NO_PIC = NO;
				GCC_NO_COMMON_BLOCKS = YES;
				GCC_OPTIMIZATION_LEVEL = 0;
				GCC_PREPROCESSOR_DEFINITIONS = (
					"DEBUG=1",
					"$(inherited)",
				);
				GCC_WARN_64_TO_32_BIT_CONVERSION = YES;
				GCC_WARN_ABOUT_RETURN_TYPE = YES_ERROR;
				GCC_WARN_UNDECLARED_SELECTOR = YES;
				GCC_WARN_UNINITIALIZED_AUTOS = YES_AGGRESSIVE;
				GCC_WARN_UNUSED_FUNCTION = YES;
				GCC_WARN_UNUSED_VARIABLE = YES;
				IPHONEOS_DEPLOYMENT_TARGET = 9.3;
				MTL_ENABLE_DEBUG_INFO = YES;
				ONLY_ACTIVE_ARCH = YES;
				SDKROOT = iphoneos;
				SWIFT_OPTIMIZATION_LEVEL = "-Onone";
				TARGETED_DEVICE_FAMILY = "1,2";
			};
			name = Debug;
		};
		16516B8E1CAB62DF00A10583 /* Release */ = {
			isa = XCBuildConfiguration;
			buildSettings = {
				ALWAYS_SEARCH_USER_PATHS = NO;
				CLANG_ANALYZER_NONNULL = YES;
				CLANG_CXX_LANGUAGE_STANDARD = "gnu++0x";
				CLANG_CXX_LIBRARY = "libc++";
				CLANG_ENABLE_MODULES = YES;
				CLANG_ENABLE_OBJC_ARC = YES;
				CLANG_WARN_BOOL_CONVERSION = YES;
				CLANG_WARN_CONSTANT_CONVERSION = YES;
				CLANG_WARN_DIRECT_OBJC_ISA_USAGE = YES_ERROR;
				CLANG_WARN_EMPTY_BODY = YES;
				CLANG_WARN_ENUM_CONVERSION = YES;
				CLANG_WARN_INT_CONVERSION = YES;
				CLANG_WARN_OBJC_ROOT_CLASS = YES_ERROR;
				CLANG_WARN_UNREACHABLE_CODE = YES;
				CLANG_WARN__DUPLICATE_METHOD_MATCH = YES;
				"CODE_SIGN_IDENTITY[sdk=iphoneos*]" = "iPhone Developer";
				COPY_PHASE_STRIP = NO;
				DEBUG_INFORMATION_FORMAT = "dwarf-with-dsym";
				ENABLE_NS_ASSERTIONS = NO;
				ENABLE_STRICT_OBJC_MSGSEND = YES;
				GCC_C_LANGUAGE_STANDARD = gnu99;
				GCC_NO_COMMON_BLOCKS = YES;
				GCC_WARN_64_TO_32_BIT_CONVERSION = YES;
				GCC_WARN_ABOUT_RETURN_TYPE = YES_ERROR;
				GCC_WARN_UNDECLARED_SELECTOR = YES;
				GCC_WARN_UNINITIALIZED_AUTOS = YES_AGGRESSIVE;
				GCC_WARN_UNUSED_FUNCTION = YES;
				GCC_WARN_UNUSED_VARIABLE = YES;
				IPHONEOS_DEPLOYMENT_TARGET = 9.3;
				MTL_ENABLE_DEBUG_INFO = NO;
				SDKROOT = iphoneos;
				TARGETED_DEVICE_FAMILY = "1,2";
				VALIDATE_PRODUCT = YES;
			};
			name = Release;
		};
		16516B901CAB62DF00A10583 /* Debug */ = {
			isa = XCBuildConfiguration;
			buildSettings = {
				ASSETCATALOG_COMPILER_APPICON_NAME = AppIcon;
				INFOPLIST_FILE = Cassini/Info.plist;
				LD_RUNPATH_SEARCH_PATHS = "$(inherited) @executable_path/Frameworks";
				PRODUCT_BUNDLE_IDENTIFIER = com.blaise2s.Cassini;
				PRODUCT_NAME = "$(TARGET_NAME)";
			};
			name = Debug;
		};
		16516B911CAB62DF00A10583 /* Release */ = {
			isa = XCBuildConfiguration;
			buildSettings = {
				ASSETCATALOG_COMPILER_APPICON_NAME = AppIcon;
				INFOPLIST_FILE = Cassini/Info.plist;
				LD_RUNPATH_SEARCH_PATHS = "$(inherited) @executable_path/Frameworks";
				PRODUCT_BUNDLE_IDENTIFIER = com.blaise2s.Cassini;
				PRODUCT_NAME = "$(TARGET_NAME)";
			};
			name = Release;
		};
		16516B931CAB62DF00A10583 /* Debug */ = {
			isa = XCBuildConfiguration;
			buildSettings = {
				BUNDLE_LOADER = "$(TEST_HOST)";
				INFOPLIST_FILE = CassiniTests/Info.plist;
				LD_RUNPATH_SEARCH_PATHS = "$(inherited) @executable_path/Frameworks @loader_path/Frameworks";
				PRODUCT_BUNDLE_IDENTIFIER = com.blaise2s.CassiniTests;
				PRODUCT_NAME = "$(TARGET_NAME)";
				TEST_HOST = "$(BUILT_PRODUCTS_DIR)/Cassini.app/Cassini";
			};
			name = Debug;
		};
		16516B941CAB62DF00A10583 /* Release */ = {
			isa = XCBuildConfiguration;
			buildSettings = {
				BUNDLE_LOADER = "$(TEST_HOST)";
				INFOPLIST_FILE = CassiniTests/Info.plist;
				LD_RUNPATH_SEARCH_PATHS = "$(inherited) @executable_path/Frameworks @loader_path/Frameworks";
				PRODUCT_BUNDLE_IDENTIFIER = com.blaise2s.CassiniTests;
				PRODUCT_NAME = "$(TARGET_NAME)";
				TEST_HOST = "$(BUILT_PRODUCTS_DIR)/Cassini.app/Cassini";
			};
			name = Release;
		};
		16516B961CAB62DF00A10583 /* Debug */ = {
			isa = XCBuildConfiguration;
			buildSettings = {
				INFOPLIST_FILE = CassiniUITests/Info.plist;
				LD_RUNPATH_SEARCH_PATHS = "$(inherited) @executable_path/Frameworks @loader_path/Frameworks";
				PRODUCT_BUNDLE_IDENTIFIER = com.blaise2s.CassiniUITests;
				PRODUCT_NAME = "$(TARGET_NAME)";
				TEST_TARGET_NAME = Cassini;
			};
			name = Debug;
		};
		16516B971CAB62DF00A10583 /* Release */ = {
			isa = XCBuildConfiguration;
			buildSettings = {
				INFOPLIST_FILE = CassiniUITests/Info.plist;
				LD_RUNPATH_SEARCH_PATHS = "$(inherited) @executable_path/Frameworks @loader_path/Frameworks";
				PRODUCT_BUNDLE_IDENTIFIER = com.blaise2s.CassiniUITests;
				PRODUCT_NAME = "$(TARGET_NAME)";
				TEST_TARGET_NAME = Cassini;
			};
			name = Release;
		};
/* End XCBuildConfiguration section */

/* Begin XCConfigurationList section */
		16516B621CAB62DF00A10583 /* Build configuration list for PBXProject "Cassini" */ = {
			isa = XCConfigurationList;
			buildConfigurations = (
				16516B8D1CAB62DF00A10583 /* Debug */,
				16516B8E1CAB62DF00A10583 /* Release */,
			);
			defaultConfigurationIsVisible = 0;
			defaultConfigurationName = Release;
		};
		16516B8F1CAB62DF00A10583 /* Build configuration list for PBXNativeTarget "Cassini" */ = {
			isa = XCConfigurationList;
			buildConfigurations = (
				16516B901CAB62DF00A10583 /* Debug */,
				16516B911CAB62DF00A10583 /* Release */,
			);
			defaultConfigurationIsVisible = 0;
		};
		16516B921CAB62DF00A10583 /* Build configuration list for PBXNativeTarget "CassiniTests" */ = {
			isa = XCConfigurationList;
			buildConfigurations = (
				16516B931CAB62DF00A10583 /* Debug */,
				16516B941CAB62DF00A10583 /* Release */,
			);
			defaultConfigurationIsVisible = 0;
		};
		16516B951CAB62DF00A10583 /* Build configuration list for PBXNativeTarget "CassiniUITests" */ = {
			isa = XCConfigurationList;
			buildConfigurations = (
				16516B961CAB62DF00A10583 /* Debug */,
				16516B971CAB62DF00A10583 /* Release */,
			);
			defaultConfigurationIsVisible = 0;
		};
/* End XCConfigurationList section */
	};
	rootObject = 16516B5F1CAB62DF00A10583 /* Project object */;
}
