// !$*UTF8*$!
{
	archiveVersion = 1;
	classes = {
	};
	objectVersion = 46;
	objects = {

/* Begin PBXBuildFile section */
		1643A2F91C668F5F00124C36 /* CalculatorBrain.swift in Sources */ = {isa = PBXBuildFile; fileRef = 1643A2F81C668F5F00124C36 /* CalculatorBrain.swift */; };
		16BDB5711C6448600000057D /* AppDelegate.swift in Sources */ = {isa = PBXBuildFile; fileRef = 16BDB5701C6448600000057D /* AppDelegate.swift */; };
		16BDB5731C6448600000057D /* CalculatorViewController.swift in Sources */ = {isa = PBXBuildFile; fileRef = 16BDB5721C6448600000057D /* CalculatorViewController.swift */; };
		16BDB5761C6448600000057D /* Main.storyboard in Resources */ = {isa = PBXBuildFile; fileRef = 16BDB5741C6448600000057D /* Main.storyboard */; };
		16BDB5781C6448600000057D /* Assets.xcassets in Resources */ = {isa = PBXBuildFile; fileRef = 16BDB5771C6448600000057D /* Assets.xcassets */; };
		16BDB57B1C6448600000057D /* LaunchScreen.storyboard in Resources */ = {isa = PBXBuildFile; fileRef = 16BDB5791C6448600000057D /* LaunchScreen.storyboard */; };
		16F7ACFE1C91C37B0017D878 /* GraphViewController.swift in Sources */ = {isa = PBXBuildFile; fileRef = 16F7ACFD1C91C37B0017D878 /* GraphViewController.swift */; };
/* End PBXBuildFile section */

/* Begin PBXFileReference section */
		1643A2F81C668F5F00124C36 /* CalculatorBrain.swift */ = {isa = PBXFileReference; fileEncoding = 4; lastKnownFileType = sourcecode.swift; name = CalculatorBrain.swift; path = Calculator/CalculatorBrain.swift; sourceTree = "<group>"; };
		16BDB56D1C6448600000057D /* Calculator.app */ = {isa = PBXFileReference; explicitFileType = wrapper.application; includeInIndex = 0; path = Calculator.app; sourceTree = BUILT_PRODUCTS_DIR; };
		16BDB5701C6448600000057D /* AppDelegate.swift */ = {isa = PBXFileReference; lastKnownFileType = sourcecode.swift; path = AppDelegate.swift; sourceTree = "<group>"; };
		16BDB5721C6448600000057D /* CalculatorViewController.swift */ = {isa = PBXFileReference; lastKnownFileType = sourcecode.swift; path = CalculatorViewController.swift; sourceTree = "<group>"; };
		16BDB5751C6448600000057D /* Base */ = {isa = PBXFileReference; lastKnownFileType = file.storyboard; name = Base; path = Base.lproj/Main.storyboard; sourceTree = "<group>"; };
		16BDB5771C6448600000057D /* Assets.xcassets */ = {isa = PBXFileReference; lastKnownFileType = folder.assetcatalog; path = Assets.xcassets; sourceTree = "<group>"; };
		16BDB57A1C6448600000057D /* Base */ = {isa = PBXFileReference; lastKnownFileType = file.storyboard; name = Base; path = Base.lproj/LaunchScreen.storyboard; sourceTree = "<group>"; };
		16BDB57C1C6448600000057D /* Info.plist */ = {isa = PBXFileReference; lastKnownFileType = text.plist.xml; path = Info.plist; sourceTree = "<group>"; };
		16F7ACFD1C91C37B0017D878 /* GraphViewController.swift */ = {isa = PBXFileReference; fileEncoding = 4; lastKnownFileType = sourcecode.swift; path = GraphViewController.swift; sourceTree = "<group>"; };
/* End PBXFileReference section */

/* Begin PBXFrameworksBuildPhase section */
		16BDB56A1C6448600000057D /* Frameworks */ = {
			isa = PBXFrameworksBuildPhase;
			buildActionMask = 2147483647;
			files = (
			);
			runOnlyForDeploymentPostprocessing = 0;
		};
/* End PBXFrameworksBuildPhase section */

/* Begin PBXGroup section */
		16BDB5641C6448600000057D = {
			isa = PBXGroup;
			children = (
				1643A2F81C668F5F00124C36 /* CalculatorBrain.swift */,
				16BDB56F1C6448600000057D /* Calculator */,
				16BDB56E1C6448600000057D /* Products */,
			);
			sourceTree = "<group>";
		};
		16BDB56E1C6448600000057D /* Products */ = {
			isa = PBXGroup;
			children = (
				16BDB56D1C6448600000057D /* Calculator.app */,
			);
			name = Products;
			sourceTree = "<group>";
		};
		16BDB56F1C6448600000057D /* Calculator */ = {
			isa = PBXGroup;
			children = (
				16BDB5701C6448600000057D /* AppDelegate.swift */,
				16F7ACFD1C91C37B0017D878 /* GraphViewController.swift */,
				16BDB5721C6448600000057D /* CalculatorViewController.swift */,
				16BDB5741C6448600000057D /* Main.storyboard */,
				16BDB5771C6448600000057D /* Assets.xcassets */,
				16BDB5791C6448600000057D /* LaunchScreen.storyboard */,
				16BDB57C1C6448600000057D /* Info.plist */,
			);
			path = Calculator;
			sourceTree = "<group>";
		};
/* End PBXGroup section */

/* Begin PBXNativeTarget section */
		16BDB56C1C6448600000057D /* Calculator */ = {
			isa = PBXNativeTarget;
			buildConfigurationList = 16BDB57F1C6448600000057D /* Build configuration list for PBXNativeTarget "Calculator" */;
			buildPhases = (
				16BDB5691C6448600000057D /* Sources */,
				16BDB56A1C6448600000057D /* Frameworks */,
				16BDB56B1C6448600000057D /* Resources */,
			);
			buildRules = (
			);
			dependencies = (
			);
			name = Calculator;
			productName = Calculator;
			productReference = 16BDB56D1C6448600000057D /* Calculator.app */;
			productType = "com.apple.product-type.application";
		};
/* End PBXNativeTarget section */

/* Begin PBXProject section */
		16BDB5651C6448600000057D /* Project object */ = {
			isa = PBXProject;
			attributes = {
				LastSwiftUpdateCheck = 0720;
				LastUpgradeCheck = 0720;
				ORGANIZATIONNAME = Blaise2s;
				TargetAttributes = {
					16BDB56C1C6448600000057D = {
						CreatedOnToolsVersion = 7.2.1;
						DevelopmentTeam = 8XV24NFT5Q;
					};
				};
			};
			buildConfigurationList = 16BDB5681C6448600000057D /* Build configuration list for PBXProject "Calculator" */;
			compatibilityVersion = "Xcode 3.2";
			developmentRegion = English;
			hasScannedForEncodings = 0;
			knownRegions = (
				en,
				Base,
			);
			mainGroup = 16BDB5641C6448600000057D;
			productRefGroup = 16BDB56E1C6448600000057D /* Products */;
			projectDirPath = "";
			projectRoot = "";
			targets = (
				16BDB56C1C6448600000057D /* Calculator */,
			);
		};
/* End PBXProject section */

/* Begin PBXResourcesBuildPhase section */
		16BDB56B1C6448600000057D /* Resources */ = {
			isa = PBXResourcesBuildPhase;
			buildActionMask = 2147483647;
			files = (
				16BDB57B1C6448600000057D /* LaunchScreen.storyboard in Resources */,
				16BDB5781C6448600000057D /* Assets.xcassets in Resources */,
				16BDB5761C6448600000057D /* Main.storyboard in Resources */,
			);
			runOnlyForDeploymentPostprocessing = 0;
		};
/* End PBXResourcesBuildPhase section */

/* Begin PBXSourcesBuildPhase section */
		16BDB5691C6448600000057D /* Sources */ = {
			isa = PBXSourcesBuildPhase;
			buildActionMask = 2147483647;
			files = (
				1643A2F91C668F5F00124C36 /* CalculatorBrain.swift in Sources */,
				16F7ACFE1C91C37B0017D878 /* GraphViewController.swift in Sources */,
				16BDB5731C6448600000057D /* CalculatorViewController.swift in Sources */,
				16BDB5711C6448600000057D /* AppDelegate.swift in Sources */,
			);
			runOnlyForDeploymentPostprocessing = 0;
		};
/* End PBXSourcesBuildPhase section */

/* Begin PBXVariantGroup section */
		16BDB5741C6448600000057D /* Main.storyboard */ = {
			isa = PBXVariantGroup;
			children = (
				16BDB5751C6448600000057D /* Base */,
			);
			name = Main.storyboard;
			sourceTree = "<group>";
		};
		16BDB5791C6448600000057D /* LaunchScreen.storyboard */ = {
			isa = PBXVariantGroup;
			children = (
				16BDB57A1C6448600000057D /* Base */,
			);
			name = LaunchScreen.storyboard;
			sourceTree = "<group>";
		};
/* End PBXVariantGroup section */

/* Begin XCBuildConfiguration section */
		16BDB57D1C6448600000057D /* Debug */ = {
			isa = XCBuildConfiguration;
			buildSettings = {
				ALWAYS_SEARCH_USER_PATHS = NO;
				CLANG_CXX_LANGUAGE_STANDARD = "gnu++0x";
				CLANG_CXX_LIBRARY = "libc++";
				CLANG_ENABLE_MODULES = YES;
				CLANG_ENABLE_OBJC_ARC = YES;
				CLANG_WARN_BOOL_CONVERSION = YES;
				CLANG_WARN_CONSTANT_CONVERSION = YES;
				CLANG_WARN_DIRECT_OBJC_ISA_USAGE = YES_ERROR;
				CLANG_WARN_EMPTY_BODY = YES;
				CLANG_WARN_ENUM_CONVERSION = YES;
				CLANG_WARN_INT_CONVERSION = YES;
				CLANG_WARN_OBJC_ROOT_CLASS = YES_ERROR;
				CLANG_WARN_UNREACHABLE_CODE = YES;
				CLANG_WARN__DUPLICATE_METHOD_MATCH = YES;
				"CODE_SIGN_IDENTITY[sdk=iphoneos*]" = "iPhone Developer";
				COPY_PHASE_STRIP = NO;
				DEBUG_INFORMATION_FORMAT = dwarf;
				ENABLE_STRICT_OBJC_MSGSEND = YES;
				ENABLE_TESTABILITY = YES;
				GCC_C_LANGUAGE_STANDARD = gnu99;
				GCC_DYNAMIC_NO_PIC = NO;
				GCC_NO_COMMON_BLOCKS = YES;
				GCC_OPTIMIZATION_LEVEL = 0;
				GCC_PREPROCESSOR_DEFINITIONS = (
					"DEBUG=1",
					"$(inherited)",
				);
				GCC_WARN_64_TO_32_BIT_CONVERSION = YES;
				GCC_WARN_ABOUT_RETURN_TYPE = YES_ERROR;
				GCC_WARN_UNDECLARED_SELECTOR = YES;
				GCC_WARN_UNINITIALIZED_AUTOS = YES_AGGRESSIVE;
				GCC_WARN_UNUSED_FUNCTION = YES;
				GCC_WARN_UNUSED_VARIABLE = YES;
				IPHONEOS_DEPLOYMENT_TARGET = 9.2;
				MTL_ENABLE_DEBUG_INFO = YES;
				ONLY_ACTIVE_ARCH = YES;
				SDKROOT = iphoneos;
				SWIFT_OPTIMIZATION_LEVEL = "-Onone";
				TARGETED_DEVICE_FAMILY = "1,2";
			};
			name = Debug;
		};
		16BDB57E1C6448600000057D /* Release */ = {
			isa = XCBuildConfiguration;
			buildSettings = {
				ALWAYS_SEARCH_USER_PATHS = NO;
				CLANG_CXX_LANGUAGE_STANDARD = "gnu++0x";
				CLANG_CXX_LIBRARY = "libc++";
				CLANG_ENABLE_MODULES = YES;
				CLANG_ENABLE_OBJC_ARC = YES;
				CLANG_WARN_BOOL_CONVERSION = YES;
				CLANG_WARN_CONSTANT_CONVERSION = YES;
				CLANG_WARN_DIRECT_OBJC_ISA_USAGE = YES_ERROR;
				CLANG_WARN_EMPTY_BODY = YES;
				CLANG_WARN_ENUM_CONVERSION = YES;
				CLANG_WARN_INT_CONVERSION = YES;
				CLANG_WARN_OBJC_ROOT_CLASS = YES_ERROR;
				CLANG_WARN_UNREACHABLE_CODE = YES;
				CLANG_WARN__DUPLICATE_METHOD_MATCH = YES;
				"CODE_SIGN_IDENTITY[sdk=iphoneos*]" = "iPhone Developer";
				COPY_PHASE_STRIP = NO;
				DEBUG_INFORMATION_FORMAT = "dwarf-with-dsym";
				ENABLE_NS_ASSERTIONS = NO;
				ENABLE_STRICT_OBJC_MSGSEND = YES;
				GCC_C_LANGUAGE_STANDARD = gnu99;
				GCC_NO_COMMON_BLOCKS = YES;
				GCC_WARN_64_TO_32_BIT_CONVERSION = YES;
				GCC_WARN_ABOUT_RETURN_TYPE = YES_ERROR;
				GCC_WARN_UNDECLARED_SELECTOR = YES;
				GCC_WARN_UNINITIALIZED_AUTOS = YES_AGGRESSIVE;
				GCC_WARN_UNUSED_FUNCTION = YES;
				GCC_WARN_UNUSED_VARIABLE = YES;
				IPHONEOS_DEPLOYMENT_TARGET = 9.2;
				MTL_ENABLE_DEBUG_INFO = NO;
				SDKROOT = iphoneos;
				TARGETED_DEVICE_FAMILY = "1,2";
				VALIDATE_PRODUCT = YES;
			};
			name = Release;
		};
		16BDB5801C6448600000057D /* Debug */ = {
			isa = XCBuildConfiguration;
			buildSettings = {
				ASSETCATALOG_COMPILER_APPICON_NAME = AppIcon;
				INFOPLIST_FILE = Calculator/Info.plist;
				LD_RUNPATH_SEARCH_PATHS = "$(inherited) @executable_path/Frameworks";
				PRODUCT_BUNDLE_IDENTIFIER = com.blaise2s.Calculator;
				PRODUCT_NAME = "$(TARGET_NAME)";
			};
			name = Debug;
		};
		16BDB5811C6448600000057D /* Release */ = {
			isa = XCBuildConfiguration;
			buildSettings = {
				ASSETCATALOG_COMPILER_APPICON_NAME = AppIcon;
				INFOPLIST_FILE = Calculator/Info.plist;
				LD_RUNPATH_SEARCH_PATHS = "$(inherited) @executable_path/Frameworks";
				PRODUCT_BUNDLE_IDENTIFIER = com.blaise2s.Calculator;
				PRODUCT_NAME = "$(TARGET_NAME)";
			};
			name = Release;
		};
/* End XCBuildConfiguration section */

/* Begin XCConfigurationList section */
		16BDB5681C6448600000057D /* Build configuration list for PBXProject "Calculator" */ = {
			isa = XCConfigurationList;
			buildConfigurations = (
				16BDB57D1C6448600000057D /* Debug */,
				16BDB57E1C6448600000057D /* Release */,
			);
			defaultConfigurationIsVisible = 0;
			defaultConfigurationName = Release;
		};
		16BDB57F1C6448600000057D /* Build configuration list for PBXNativeTarget "Calculator" */ = {
			isa = XCConfigurationList;
			buildConfigurations = (
				16BDB5801C6448600000057D /* Debug */,
				16BDB5811C6448600000057D /* Release */,
			);
			defaultConfigurationIsVisible = 0;
			defaultConfigurationName = Release;
		};
/* End XCConfigurationList section */
	};
	rootObject = 16BDB5651C6448600000057D /* Project object */;
}
